
Microsoft Visual Studio Solution File, Format Version 12.00
# Visual Studio Version 17
VisualStudioVersion = 17.2.32630.192
MinimumVisualStudioVersion = 10.0.40219.1
Project("{9A19103F-16F7-4668-BE54-9A1E7A4F7556}") = "R5T.O0026", "R5T.O0026\R5T.O0026.csproj", "{95413060-4EF8-44AB-BB02-C1690DE66113}"
EndProject
Project("{2150E333-8FDC-42A3-9474-1A3956D46DE8}") = "_Dependencies", "_Dependencies", "{C18A3938-32BA-4AB5-9B08-D18677FB92CC}"
EndProject
Project("{9A19103F-16F7-4668-BE54-9A1E7A4F7556}") = "R5T.F0000", "..\..\R5T.F0000\source\R5T.F0000\R5T.F0000.csproj", "{1B259B99-CBA4-4F06-B300-67D8E4663435}"
EndProject
Project("{9A19103F-16F7-4668-BE54-9A1E7A4F7556}") = "R5T.F0002", "..\..\R5T.F0002\source\R5T.F0002\R5T.F0002.csproj", "{85FC0F72-463E-49B8-854D-1EE5B85C06A1}"
EndProject
Project("{9A19103F-16F7-4668-BE54-9A1E7A4F7556}") = "R5T.F0019", "..\..\R5T.F0019\source\R5T.F0019\R5T.F0019.csproj", "{92EA230D-CB06-4E1F-AD5B-00017A6864D9}"
EndProject
Project("{9A19103F-16F7-4668-BE54-9A1E7A4F7556}") = "R5T.F0032", "..\..\R5T.F0032\source\R5T.F0032\R5T.F0032.csproj", "{EAC64E06-3A1C-47B9-902B-1CAEDFF3FB4B}"
EndProject
Project("{9A19103F-16F7-4668-BE54-9A1E7A4F7556}") = "R5T.F0041", "..\..\R5T.F0041\source\R5T.F0041\R5T.F0041.csproj", "{1A89B785-EE98-4476-819E-31441853B885}"
EndProject
Project("{9A19103F-16F7-4668-BE54-9A1E7A4F7556}") = "R5T.F0044", "..\..\R5T.F0044\source\R5T.F0044\R5T.F0044.csproj", "{B911D8E5-E18D-458B-A366-CC80EC9A2815}"
EndProject
Project("{9A19103F-16F7-4668-BE54-9A1E7A4F7556}") = "R5T.F0046", "..\..\R5T.F0046\source\R5T.F0046\R5T.F0046.csproj", "{23AF4716-B6F4-4A94-9206-3A0E0EAAA1F2}"
EndProject
Project("{9A19103F-16F7-4668-BE54-9A1E7A4F7556}") = "R5T.F0047", "..\..\R5T.F0047\source\R5T.F0047\R5T.F0047.csproj", "{D8297F4F-47FA-44EC-BA71-EAF37333D42F}"
EndProject
Project("{9A19103F-16F7-4668-BE54-9A1E7A4F7556}") = "R5T.F0057", "..\..\R5T.F0057\source\R5T.F0057\R5T.F0057.csproj", "{ECF1E6B0-D77B-46D8-97D7-C604849325C2}"
EndProject
Project("{9A19103F-16F7-4668-BE54-9A1E7A4F7556}") = "R5T.F0120", "..\..\R5T.F0120\source\R5T.F0120\R5T.F0120.csproj", "{1C76A4B0-3D3D-4124-BAEF-A3B16182A076}"
EndProject
Project("{9A19103F-16F7-4668-BE54-9A1E7A4F7556}") = "R5T.F0124", "..\..\R5T.F0124\source\R5T.F0124\R5T.F0124.csproj", "{1AFB36BE-4E26-48D9-829F-A7801D435760}"
EndProject
Project("{9A19103F-16F7-4668-BE54-9A1E7A4F7556}") = "R5T.F0125", "..\..\R5T.F0125\source\R5T.F0125\R5T.F0125.csproj", "{E57A7DC5-FEE2-4259-BE11-EDF4802A4E4D}"
EndProject
Project("{9A19103F-16F7-4668-BE54-9A1E7A4F7556}") = "R5T.L0001.Y000", "..\..\R5T.L0001\source\R5T.L0001.Y000\R5T.L0001.Y000.csproj", "{BD2E95E7-E8BF-43F6-9DC2-2E045FE1759B}"
EndProject
Project("{9A19103F-16F7-4668-BE54-9A1E7A4F7556}") = "R5T.L0001.Z000", "..\..\R5T.L0001\source\R5T.L0001.Z000\R5T.L0001.Z000.csproj", "{ED6FBAD4-A3E0-4DA3-B78A-B5297C627E6E}"
EndProject
Project("{9A19103F-16F7-4668-BE54-9A1E7A4F7556}") = "R5T.L0001", "..\..\R5T.L0001\source\R5T.L0001\R5T.L0001.csproj", "{6D6CDCC0-40E3-49D7-BF15-299E43217571}"
EndProject
Project("{9A19103F-16F7-4668-BE54-9A1E7A4F7556}") = "R5T.L0030.T000", "..\..\R5T.L0030\source\R5T.L0030.T000\R5T.L0030.T000.csproj", "{A2EE5C95-BCF7-4095-A37B-B0100D6E887D}"
EndProject
Project("{9A19103F-16F7-4668-BE54-9A1E7A4F7556}") = "R5T.L0030", "..\..\R5T.L0030\source\R5T.L0030\R5T.L0030.csproj", "{3E457BB9-B000-4331-A28A-2712CD94F61C}"
EndProject
Project("{9A19103F-16F7-4668-BE54-9A1E7A4F7556}") = "R5T.L0031.T000", "..\..\R5T.L0031\source\R5T.L0031.T000\R5T.L0031.T000.csproj", "{038722F4-A6C1-4ABC-8A2D-E92DD7F7C87B}"
EndProject
Project("{9A19103F-16F7-4668-BE54-9A1E7A4F7556}") = "R5T.L0031", "..\..\R5T.L0031\source\R5T.L0031\R5T.L0031.csproj", "{682F6657-788F-4BBC-8E12-DE3420B72B86}"
EndProject
Project("{9A19103F-16F7-4668-BE54-9A1E7A4F7556}") = "R5T.L0034", "..\..\R5T.L0034\source\R5T.L0034\R5T.L0034.csproj", "{2F9908A3-6E5C-4F3D-8106-83D62559EB3B}"
EndProject
Project("{9A19103F-16F7-4668-BE54-9A1E7A4F7556}") = "R5T.L0035", "..\..\R5T.L0035\source\R5T.L0035\R5T.L0035.csproj", "{47FDD2EC-64D6-456E-9E59-4263E2DCA4F9}"
EndProject
Project("{9A19103F-16F7-4668-BE54-9A1E7A4F7556}") = "R5T.L0036.T000", "..\..\R5T.L0036\source\R5T.L0036.T000\R5T.L0036.T000.csproj", "{7F18D234-AA47-47F9-86E4-25952908F3C4}"
EndProject
Project("{9A19103F-16F7-4668-BE54-9A1E7A4F7556}") = "R5T.L0036", "..\..\R5T.L0036\source\R5T.L0036\R5T.L0036.csproj", "{C7CD06D2-F052-47B3-B741-8009FE74232B}"
EndProject
Project("{9A19103F-16F7-4668-BE54-9A1E7A4F7556}") = "R5T.NG0005", "..\..\R5T.NG0005\source\R5T.NG0005\R5T.NG0005.csproj", "{3D2C992B-530F-4450-80B0-364CAC605D5A}"
EndProject
Project("{9A19103F-16F7-4668-BE54-9A1E7A4F7556}") = "R5T.NG0006", "..\..\R5T.NG0006\source\R5T.NG0006\R5T.NG0006.csproj", "{727B6AFE-5386-4D0C-A118-198F1850949E}"
EndProject
Project("{9A19103F-16F7-4668-BE54-9A1E7A4F7556}") = "R5T.NG0008", "..\..\R5T.NG0008\source\R5T.NG0008\R5T.NG0008.csproj", "{422909F9-243F-4526-A10E-989F5D3D9A1E}"
EndProject
Project("{9A19103F-16F7-4668-BE54-9A1E7A4F7556}") = "R5T.NG0022", "..\..\R5T.NG0022\source\R5T.NG0022\R5T.NG0022.csproj", "{89A6CBBD-8A67-49E6-8771-71DFCBA974DF}"
EndProject
Project("{9A19103F-16F7-4668-BE54-9A1E7A4F7556}") = "R5T.O0017", "..\..\R5T.O0017\source\R5T.O0017\R5T.O0017.csproj", "{9C235800-8A45-4C1B-AE5D-8D743B881A0E}"
EndProject
Project("{9A19103F-16F7-4668-BE54-9A1E7A4F7556}") = "R5T.O0023", "..\..\R5T.O0023\source\R5T.O0023\R5T.O0023.csproj", "{85865DBC-4E33-4C7C-803D-ABAC2B8B8B2D}"
EndProject
Project("{9A19103F-16F7-4668-BE54-9A1E7A4F7556}") = "R5T.T0046", "..\..\R5T.T0046\source\R5T.T0046\R5T.T0046.csproj", "{2B14402F-10DD-45B2-9235-0549C2ECAD85}"
EndProject
Project("{9A19103F-16F7-4668-BE54-9A1E7A4F7556}") = "R5T.T0131", "..\..\R5T.T0131\source\R5T.T0131\R5T.T0131.csproj", "{052FBDDB-3435-4BFB-8233-0E9C880E2A0F}"
EndProject
Project("{9A19103F-16F7-4668-BE54-9A1E7A4F7556}") = "R5T.T0132", "..\..\R5T.T0132\source\R5T.T0132\R5T.T0132.csproj", "{A207FF24-E19F-4A01-9687-AACF8292DD9C}"
EndProject
Project("{9A19103F-16F7-4668-BE54-9A1E7A4F7556}") = "R5T.T0137", "..\..\R5T.T0137\source\R5T.T0137\R5T.T0137.csproj", "{A3E6C0CF-2363-4BAF-8A9E-ABE7044AA1FC}"
EndProject
Project("{9A19103F-16F7-4668-BE54-9A1E7A4F7556}") = "R5T.T0142", "..\..\R5T.T0142\source\R5T.T0142\R5T.T0142.csproj", "{7E9CA097-9593-434C-8FEB-322D7F24CEC5}"
EndProject
Project("{9A19103F-16F7-4668-BE54-9A1E7A4F7556}") = "R5T.T0143", "..\..\R5T.T0143\source\R5T.T0143\R5T.T0143.csproj", "{8825076B-887B-4DA8-BE1A-6F3F20819DFD}"
EndProject
Project("{9A19103F-16F7-4668-BE54-9A1E7A4F7556}") = "R5T.T0144", "..\..\R5T.T0144\source\R5T.T0144\R5T.T0144.csproj", "{A95B3C74-49E2-4012-B1B7-378C1BF86913}"
EndProject
Project("{9A19103F-16F7-4668-BE54-9A1E7A4F7556}") = "R5T.T0156", "..\..\R5T.T0156\source\R5T.T0156\R5T.T0156.csproj", "{2240347D-31CF-41EE-BB49-B929B04E1292}"
EndProject
Project("{9A19103F-16F7-4668-BE54-9A1E7A4F7556}") = "R5T.T0158", "..\..\R5T.T0158\source\R5T.T0158\R5T.T0158.csproj", "{A0BDDCB4-754B-4118-99BD-CB0C120DECFF}"
EndProject
Project("{9A19103F-16F7-4668-BE54-9A1E7A4F7556}") = "R5T.T0159", "..\..\R5T.T0159\source\R5T.T0159\R5T.T0159.csproj", "{AE5E28DC-0027-4005-9E10-42BA116ADF92}"
EndProject
Project("{9A19103F-16F7-4668-BE54-9A1E7A4F7556}") = "R5T.T0174", "..\..\R5T.T0174\source\R5T.T0174\R5T.T0174.csproj", "{B7C429E2-611C-4851-BE3A-74DD03C4FDBA}"
EndProject
Project("{9A19103F-16F7-4668-BE54-9A1E7A4F7556}") = "R5T.T0176", "..\..\R5T.T0176\source\R5T.T0176\R5T.T0176.csproj", "{ABD2C7C5-FE52-4F7C-98CB-E9C476828321}"
EndProject
Project("{9A19103F-16F7-4668-BE54-9A1E7A4F7556}") = "R5T.T0177", "..\..\R5T.T0177\source\R5T.T0177\R5T.T0177.csproj", "{ABEBE9CE-EEF5-43EB-903F-E4F4271E44C0}"
EndProject
Project("{9A19103F-16F7-4668-BE54-9A1E7A4F7556}") = "R5T.T0178", "..\..\R5T.T0178\source\R5T.T0178\R5T.T0178.csproj", "{255B75AF-4941-49B1-AF47-4A1629ACC901}"
EndProject
Project("{9A19103F-16F7-4668-BE54-9A1E7A4F7556}") = "R5T.T0179", "..\..\R5T.T0179\source\R5T.T0179\R5T.T0179.csproj", "{AB6EC1A8-4852-41DE-9E46-7913A8E436E5}"
EndProject
Project("{9A19103F-16F7-4668-BE54-9A1E7A4F7556}") = "R5T.T0180", "..\..\R5T.T0180\source\R5T.T0180\R5T.T0180.csproj", "{21C79825-6CE3-45FD-BF46-9B3D5DF9A5A2}"
EndProject
Project("{9A19103F-16F7-4668-BE54-9A1E7A4F7556}") = "R5T.T0181", "..\..\R5T.T0181\source\R5T.T0181\R5T.T0181.csproj", "{CC591F9F-7B0D-4A1B-AC99-5E57C97A152C}"
EndProject
Project("{9A19103F-16F7-4668-BE54-9A1E7A4F7556}") = "R5T.T0184", "..\..\R5T.T0184\source\R5T.T0184\R5T.T0184.csproj", "{EB274E4C-BF6B-4AFE-AB93-4EF30F90F511}"
EndProject
Project("{9A19103F-16F7-4668-BE54-9A1E7A4F7556}") = "R5T.T0185", "..\..\R5T.T0185\source\R5T.T0185\R5T.T0185.csproj", "{61E32A7F-262A-4ED0-B9E0-AB11AFA426E8}"
EndProject
Project("{9A19103F-16F7-4668-BE54-9A1E7A4F7556}") = "R5T.T0186", "..\..\R5T.T0186\source\R5T.T0186\R5T.T0186.csproj", "{28364CBC-D19D-4BCE-81C3-442E6CF9425B}"
EndProject
Project("{9A19103F-16F7-4668-BE54-9A1E7A4F7556}") = "R5T.T0198", "..\..\R5T.T0198\source\R5T.T0198\R5T.T0198.csproj", "{DAAF89CB-8E0C-41EF-8E68-400681CBE4F9}"
EndProject
Project("{9A19103F-16F7-4668-BE54-9A1E7A4F7556}") = "R5T.T0200", "..\..\R5T.T0200\source\R5T.T0200\R5T.T0200.csproj", "{23D642EB-A146-461A-AB42-188AF85DFECE}"
EndProject
Project("{9A19103F-16F7-4668-BE54-9A1E7A4F7556}") = "R5T.T0203", "..\..\R5T.T0203\source\R5T.T0203\R5T.T0203.csproj", "{90812607-B2E7-415C-BEE2-810E29EDBD42}"
EndProject
Project("{9A19103F-16F7-4668-BE54-9A1E7A4F7556}") = "R5T.T0209", "..\..\R5T.T0209\source\R5T.T0209\R5T.T0209.csproj", "{75C42C96-C32C-4639-AAD7-1E3AD7A9355F}"
EndProject
Project("{9A19103F-16F7-4668-BE54-9A1E7A4F7556}") = "R5T.Y0000", "..\..\R5T.Y0000\source\R5T.Y0000\R5T.Y0000.csproj", "{8791DB3D-92B9-493D-B035-631FD8DFA2E4}"
EndProject
Project("{9A19103F-16F7-4668-BE54-9A1E7A4F7556}") = "R5T.Y0004", "..\..\R5T.Y0004\source\R5T.Y0004\R5T.Y0004.csproj", "{B7672B48-5F8E-4C9C-9933-CFA23217805B}"
EndProject
Project("{9A19103F-16F7-4668-BE54-9A1E7A4F7556}") = "R5T.Z0000", "..\..\R5T.Z0000\source\R5T.Z0000\R5T.Z0000.csproj", "{8B029BB0-2702-49FC-99E6-9330C0841A25}"
EndProject
Project("{9A19103F-16F7-4668-BE54-9A1E7A4F7556}") = "R5T.Z0005", "..\..\R5T.Z0005\source\R5T.Z0005\R5T.Z0005.csproj", "{75C76C65-DD06-43C5-9FA5-883B7D022091}"
EndProject
Project("{9A19103F-16F7-4668-BE54-9A1E7A4F7556}") = "R5T.Z0013", "..\..\R5T.Z0013\source\R5T.Z0013\R5T.Z0013.csproj", "{4C73879C-0AFB-4608-8578-BCCC7D647489}"
EndProject
Project("{9A19103F-16F7-4668-BE54-9A1E7A4F7556}") = "R5T.T0150", "..\..\R5T.T0150\source\R5T.T0150\R5T.T0150.csproj", "{0A97E01F-EA6B-4BD5-A49A-6BC30322F4E1}"
EndProject
Project("{9A19103F-16F7-4668-BE54-9A1E7A4F7556}") = "R5T.T0151", "..\..\R5T.T0151\source\R5T.T0151\R5T.T0151.csproj", "{26E54674-0B57-4C33-B06E-65AC04B146DC}"
EndProject
Project("{9A19103F-16F7-4668-BE54-9A1E7A4F7556}") = "R5T.T0172", "..\..\R5T.T0172\source\R5T.T0172\R5T.T0172.csproj", "{117A526A-ECA3-4097-A0AC-4A3A081D2C7C}"
EndProject
Global
	GlobalSection(NestedProjects) = preSolution
		{1B259B99-CBA4-4F06-B300-67D8E4663435} = {C18A3938-32BA-4AB5-9B08-D18677FB92CC}
		{85FC0F72-463E-49B8-854D-1EE5B85C06A1} = {C18A3938-32BA-4AB5-9B08-D18677FB92CC}
		{92EA230D-CB06-4E1F-AD5B-00017A6864D9} = {C18A3938-32BA-4AB5-9B08-D18677FB92CC}
		{EAC64E06-3A1C-47B9-902B-1CAEDFF3FB4B} = {C18A3938-32BA-4AB5-9B08-D18677FB92CC}
		{1A89B785-EE98-4476-819E-31441853B885} = {C18A3938-32BA-4AB5-9B08-D18677FB92CC}
		{B911D8E5-E18D-458B-A366-CC80EC9A2815} = {C18A3938-32BA-4AB5-9B08-D18677FB92CC}
		{23AF4716-B6F4-4A94-9206-3A0E0EAAA1F2} = {C18A3938-32BA-4AB5-9B08-D18677FB92CC}
		{D8297F4F-47FA-44EC-BA71-EAF37333D42F} = {C18A3938-32BA-4AB5-9B08-D18677FB92CC}
		{ECF1E6B0-D77B-46D8-97D7-C604849325C2} = {C18A3938-32BA-4AB5-9B08-D18677FB92CC}
		{1C76A4B0-3D3D-4124-BAEF-A3B16182A076} = {C18A3938-32BA-4AB5-9B08-D18677FB92CC}
		{1AFB36BE-4E26-48D9-829F-A7801D435760} = {C18A3938-32BA-4AB5-9B08-D18677FB92CC}
		{E57A7DC5-FEE2-4259-BE11-EDF4802A4E4D} = {C18A3938-32BA-4AB5-9B08-D18677FB92CC}
		{BD2E95E7-E8BF-43F6-9DC2-2E045FE1759B} = {C18A3938-32BA-4AB5-9B08-D18677FB92CC}
		{ED6FBAD4-A3E0-4DA3-B78A-B5297C627E6E} = {C18A3938-32BA-4AB5-9B08-D18677FB92CC}
		{6D6CDCC0-40E3-49D7-BF15-299E43217571} = {C18A3938-32BA-4AB5-9B08-D18677FB92CC}
		{A2EE5C95-BCF7-4095-A37B-B0100D6E887D} = {C18A3938-32BA-4AB5-9B08-D18677FB92CC}
		{3E457BB9-B000-4331-A28A-2712CD94F61C} = {C18A3938-32BA-4AB5-9B08-D18677FB92CC}
		{038722F4-A6C1-4ABC-8A2D-E92DD7F7C87B} = {C18A3938-32BA-4AB5-9B08-D18677FB92CC}
		{682F6657-788F-4BBC-8E12-DE3420B72B86} = {C18A3938-32BA-4AB5-9B08-D18677FB92CC}
		{2F9908A3-6E5C-4F3D-8106-83D62559EB3B} = {C18A3938-32BA-4AB5-9B08-D18677FB92CC}
		{47FDD2EC-64D6-456E-9E59-4263E2DCA4F9} = {C18A3938-32BA-4AB5-9B08-D18677FB92CC}
		{7F18D234-AA47-47F9-86E4-25952908F3C4} = {C18A3938-32BA-4AB5-9B08-D18677FB92CC}
		{C7CD06D2-F052-47B3-B741-8009FE74232B} = {C18A3938-32BA-4AB5-9B08-D18677FB92CC}
		{3D2C992B-530F-4450-80B0-364CAC605D5A} = {C18A3938-32BA-4AB5-9B08-D18677FB92CC}
		{727B6AFE-5386-4D0C-A118-198F1850949E} = {C18A3938-32BA-4AB5-9B08-D18677FB92CC}
		{422909F9-243F-4526-A10E-989F5D3D9A1E} = {C18A3938-32BA-4AB5-9B08-D18677FB92CC}
		{89A6CBBD-8A67-49E6-8771-71DFCBA974DF} = {C18A3938-32BA-4AB5-9B08-D18677FB92CC}
		{9C235800-8A45-4C1B-AE5D-8D743B881A0E} = {C18A3938-32BA-4AB5-9B08-D18677FB92CC}
		{85865DBC-4E33-4C7C-803D-ABAC2B8B8B2D} = {C18A3938-32BA-4AB5-9B08-D18677FB92CC}
		{2B14402F-10DD-45B2-9235-0549C2ECAD85} = {C18A3938-32BA-4AB5-9B08-D18677FB92CC}
		{052FBDDB-3435-4BFB-8233-0E9C880E2A0F} = {C18A3938-32BA-4AB5-9B08-D18677FB92CC}
		{A207FF24-E19F-4A01-9687-AACF8292DD9C} = {C18A3938-32BA-4AB5-9B08-D18677FB92CC}
		{A3E6C0CF-2363-4BAF-8A9E-ABE7044AA1FC} = {C18A3938-32BA-4AB5-9B08-D18677FB92CC}
		{7E9CA097-9593-434C-8FEB-322D7F24CEC5} = {C18A3938-32BA-4AB5-9B08-D18677FB92CC}
		{8825076B-887B-4DA8-BE1A-6F3F20819DFD} = {C18A3938-32BA-4AB5-9B08-D18677FB92CC}
		{A95B3C74-49E2-4012-B1B7-378C1BF86913} = {C18A3938-32BA-4AB5-9B08-D18677FB92CC}
		{2240347D-31CF-41EE-BB49-B929B04E1292} = {C18A3938-32BA-4AB5-9B08-D18677FB92CC}
		{A0BDDCB4-754B-4118-99BD-CB0C120DECFF} = {C18A3938-32BA-4AB5-9B08-D18677FB92CC}
		{AE5E28DC-0027-4005-9E10-42BA116ADF92} = {C18A3938-32BA-4AB5-9B08-D18677FB92CC}
		{B7C429E2-611C-4851-BE3A-74DD03C4FDBA} = {C18A3938-32BA-4AB5-9B08-D18677FB92CC}
		{ABD2C7C5-FE52-4F7C-98CB-E9C476828321} = {C18A3938-32BA-4AB5-9B08-D18677FB92CC}
		{ABEBE9CE-EEF5-43EB-903F-E4F4271E44C0} = {C18A3938-32BA-4AB5-9B08-D18677FB92CC}
		{255B75AF-4941-49B1-AF47-4A1629ACC901} = {C18A3938-32BA-4AB5-9B08-D18677FB92CC}
		{AB6EC1A8-4852-41DE-9E46-7913A8E436E5} = {C18A3938-32BA-4AB5-9B08-D18677FB92CC}
		{21C79825-6CE3-45FD-BF46-9B3D5DF9A5A2} = {C18A3938-32BA-4AB5-9B08-D18677FB92CC}
		{CC591F9F-7B0D-4A1B-AC99-5E57C97A152C} = {C18A3938-32BA-4AB5-9B08-D18677FB92CC}
		{EB274E4C-BF6B-4AFE-AB93-4EF30F90F511} = {C18A3938-32BA-4AB5-9B08-D18677FB92CC}
		{61E32A7F-262A-4ED0-B9E0-AB11AFA426E8} = {C18A3938-32BA-4AB5-9B08-D18677FB92CC}
		{28364CBC-D19D-4BCE-81C3-442E6CF9425B} = {C18A3938-32BA-4AB5-9B08-D18677FB92CC}
		{DAAF89CB-8E0C-41EF-8E68-400681CBE4F9} = {C18A3938-32BA-4AB5-9B08-D18677FB92CC}
		{23D642EB-A146-461A-AB42-188AF85DFECE} = {C18A3938-32BA-4AB5-9B08-D18677FB92CC}
		{90812607-B2E7-415C-BEE2-810E29EDBD42} = {C18A3938-32BA-4AB5-9B08-D18677FB92CC}
		{75C42C96-C32C-4639-AAD7-1E3AD7A9355F} = {C18A3938-32BA-4AB5-9B08-D18677FB92CC}
		{8791DB3D-92B9-493D-B035-631FD8DFA2E4} = {C18A3938-32BA-4AB5-9B08-D18677FB92CC}
		{B7672B48-5F8E-4C9C-9933-CFA23217805B} = {C18A3938-32BA-4AB5-9B08-D18677FB92CC}
		{8B029BB0-2702-49FC-99E6-9330C0841A25} = {C18A3938-32BA-4AB5-9B08-D18677FB92CC}
		{75C76C65-DD06-43C5-9FA5-883B7D022091} = {C18A3938-32BA-4AB5-9B08-D18677FB92CC}
		{4C73879C-0AFB-4608-8578-BCCC7D647489} = {C18A3938-32BA-4AB5-9B08-D18677FB92CC}
		{0A97E01F-EA6B-4BD5-A49A-6BC30322F4E1} = {C18A3938-32BA-4AB5-9B08-D18677FB92CC}
		{26E54674-0B57-4C33-B06E-65AC04B146DC} = {C18A3938-32BA-4AB5-9B08-D18677FB92CC}
		{117A526A-ECA3-4097-A0AC-4A3A081D2C7C} = {C18A3938-32BA-4AB5-9B08-D18677FB92CC}
	EndGlobalSection
	GlobalSection(SolutionConfigurationPlatforms) = preSolution
		Debug|Any CPU = Debug|Any CPU
		Release|Any CPU = Release|Any CPU
	EndGlobalSection
	GlobalSection(ProjectConfigurationPlatforms) = postSolution
		{95413060-4EF8-44AB-BB02-C1690DE66113}.Debug|Any CPU.ActiveCfg = Debug|Any CPU
		{95413060-4EF8-44AB-BB02-C1690DE66113}.Debug|Any CPU.Build.0 = Debug|Any CPU
		{95413060-4EF8-44AB-BB02-C1690DE66113}.Release|Any CPU.ActiveCfg = Release|Any CPU
		{95413060-4EF8-44AB-BB02-C1690DE66113}.Release|Any CPU.Build.0 = Release|Any CPU
		{1B259B99-CBA4-4F06-B300-67D8E4663435}.Debug|Any CPU.ActiveCfg = Debug|Any CPU
		{1B259B99-CBA4-4F06-B300-67D8E4663435}.Debug|Any CPU.Build.0 = Debug|Any CPU
		{1B259B99-CBA4-4F06-B300-67D8E4663435}.Release|Any CPU.ActiveCfg = Release|Any CPU
		{1B259B99-CBA4-4F06-B300-67D8E4663435}.Release|Any CPU.Build.0 = Release|Any CPU
		{85FC0F72-463E-49B8-854D-1EE5B85C06A1}.Debug|Any CPU.ActiveCfg = Debug|Any CPU
		{85FC0F72-463E-49B8-854D-1EE5B85C06A1}.Debug|Any CPU.Build.0 = Debug|Any CPU
		{85FC0F72-463E-49B8-854D-1EE5B85C06A1}.Release|Any CPU.ActiveCfg = Release|Any CPU
		{85FC0F72-463E-49B8-854D-1EE5B85C06A1}.Release|Any CPU.Build.0 = Release|Any CPU
		{92EA230D-CB06-4E1F-AD5B-00017A6864D9}.Debug|Any CPU.ActiveCfg = Debug|Any CPU
		{92EA230D-CB06-4E1F-AD5B-00017A6864D9}.Debug|Any CPU.Build.0 = Debug|Any CPU
		{92EA230D-CB06-4E1F-AD5B-00017A6864D9}.Release|Any CPU.ActiveCfg = Release|Any CPU
		{92EA230D-CB06-4E1F-AD5B-00017A6864D9}.Release|Any CPU.Build.0 = Release|Any CPU
		{EAC64E06-3A1C-47B9-902B-1CAEDFF3FB4B}.Debug|Any CPU.ActiveCfg = Debug|Any CPU
		{EAC64E06-3A1C-47B9-902B-1CAEDFF3FB4B}.Debug|Any CPU.Build.0 = Debug|Any CPU
		{EAC64E06-3A1C-47B9-902B-1CAEDFF3FB4B}.Release|Any CPU.ActiveCfg = Release|Any CPU
		{EAC64E06-3A1C-47B9-902B-1CAEDFF3FB4B}.Release|Any CPU.Build.0 = Release|Any CPU
		{1A89B785-EE98-4476-819E-31441853B885}.Debug|Any CPU.ActiveCfg = Debug|Any CPU
		{1A89B785-EE98-4476-819E-31441853B885}.Debug|Any CPU.Build.0 = Debug|Any CPU
		{1A89B785-EE98-4476-819E-31441853B885}.Release|Any CPU.ActiveCfg = Release|Any CPU
		{1A89B785-EE98-4476-819E-31441853B885}.Release|Any CPU.Build.0 = Release|Any CPU
		{B911D8E5-E18D-458B-A366-CC80EC9A2815}.Debug|Any CPU.ActiveCfg = Debug|Any CPU
		{B911D8E5-E18D-458B-A366-CC80EC9A2815}.Debug|Any CPU.Build.0 = Debug|Any CPU
		{B911D8E5-E18D-458B-A366-CC80EC9A2815}.Release|Any CPU.ActiveCfg = Release|Any CPU
		{B911D8E5-E18D-458B-A366-CC80EC9A2815}.Release|Any CPU.Build.0 = Release|Any CPU
		{23AF4716-B6F4-4A94-9206-3A0E0EAAA1F2}.Debug|Any CPU.ActiveCfg = Debug|Any CPU
		{23AF4716-B6F4-4A94-9206-3A0E0EAAA1F2}.Debug|Any CPU.Build.0 = Debug|Any CPU
		{23AF4716-B6F4-4A94-9206-3A0E0EAAA1F2}.Release|Any CPU.ActiveCfg = Release|Any CPU
		{23AF4716-B6F4-4A94-9206-3A0E0EAAA1F2}.Release|Any CPU.Build.0 = Release|Any CPU
		{D8297F4F-47FA-44EC-BA71-EAF37333D42F}.Debug|Any CPU.ActiveCfg = Debug|Any CPU
		{D8297F4F-47FA-44EC-BA71-EAF37333D42F}.Debug|Any CPU.Build.0 = Debug|Any CPU
		{D8297F4F-47FA-44EC-BA71-EAF37333D42F}.Release|Any CPU.ActiveCfg = Release|Any CPU
		{D8297F4F-47FA-44EC-BA71-EAF37333D42F}.Release|Any CPU.Build.0 = Release|Any CPU
		{ECF1E6B0-D77B-46D8-97D7-C604849325C2}.Debug|Any CPU.ActiveCfg = Debug|Any CPU
		{ECF1E6B0-D77B-46D8-97D7-C604849325C2}.Debug|Any CPU.Build.0 = Debug|Any CPU
		{ECF1E6B0-D77B-46D8-97D7-C604849325C2}.Release|Any CPU.ActiveCfg = Release|Any CPU
		{ECF1E6B0-D77B-46D8-97D7-C604849325C2}.Release|Any CPU.Build.0 = Release|Any CPU
		{1C76A4B0-3D3D-4124-BAEF-A3B16182A076}.Debug|Any CPU.ActiveCfg = Debug|Any CPU
		{1C76A4B0-3D3D-4124-BAEF-A3B16182A076}.Debug|Any CPU.Build.0 = Debug|Any CPU
		{1C76A4B0-3D3D-4124-BAEF-A3B16182A076}.Release|Any CPU.ActiveCfg = Release|Any CPU
		{1C76A4B0-3D3D-4124-BAEF-A3B16182A076}.Release|Any CPU.Build.0 = Release|Any CPU
		{1AFB36BE-4E26-48D9-829F-A7801D435760}.Debug|Any CPU.ActiveCfg = Debug|Any CPU
		{1AFB36BE-4E26-48D9-829F-A7801D435760}.Debug|Any CPU.Build.0 = Debug|Any CPU
		{1AFB36BE-4E26-48D9-829F-A7801D435760}.Release|Any CPU.ActiveCfg = Release|Any CPU
		{1AFB36BE-4E26-48D9-829F-A7801D435760}.Release|Any CPU.Build.0 = Release|Any CPU
		{E57A7DC5-FEE2-4259-BE11-EDF4802A4E4D}.Debug|Any CPU.ActiveCfg = Debug|Any CPU
		{E57A7DC5-FEE2-4259-BE11-EDF4802A4E4D}.Debug|Any CPU.Build.0 = Debug|Any CPU
		{E57A7DC5-FEE2-4259-BE11-EDF4802A4E4D}.Release|Any CPU.ActiveCfg = Release|Any CPU
		{E57A7DC5-FEE2-4259-BE11-EDF4802A4E4D}.Release|Any CPU.Build.0 = Release|Any CPU
		{BD2E95E7-E8BF-43F6-9DC2-2E045FE1759B}.Debug|Any CPU.ActiveCfg = Debug|Any CPU
		{BD2E95E7-E8BF-43F6-9DC2-2E045FE1759B}.Debug|Any CPU.Build.0 = Debug|Any CPU
		{BD2E95E7-E8BF-43F6-9DC2-2E045FE1759B}.Release|Any CPU.ActiveCfg = Release|Any CPU
		{BD2E95E7-E8BF-43F6-9DC2-2E045FE1759B}.Release|Any CPU.Build.0 = Release|Any CPU
		{ED6FBAD4-A3E0-4DA3-B78A-B5297C627E6E}.Debug|Any CPU.ActiveCfg = Debug|Any CPU
		{ED6FBAD4-A3E0-4DA3-B78A-B5297C627E6E}.Debug|Any CPU.Build.0 = Debug|Any CPU
		{ED6FBAD4-A3E0-4DA3-B78A-B5297C627E6E}.Release|Any CPU.ActiveCfg = Release|Any CPU
		{ED6FBAD4-A3E0-4DA3-B78A-B5297C627E6E}.Release|Any CPU.Build.0 = Release|Any CPU
		{6D6CDCC0-40E3-49D7-BF15-299E43217571}.Debug|Any CPU.ActiveCfg = Debug|Any CPU
		{6D6CDCC0-40E3-49D7-BF15-299E43217571}.Debug|Any CPU.Build.0 = Debug|Any CPU
		{6D6CDCC0-40E3-49D7-BF15-299E43217571}.Release|Any CPU.ActiveCfg = Release|Any CPU
		{6D6CDCC0-40E3-49D7-BF15-299E43217571}.Release|Any CPU.Build.0 = Release|Any CPU
		{A2EE5C95-BCF7-4095-A37B-B0100D6E887D}.Debug|Any CPU.ActiveCfg = Debug|Any CPU
		{A2EE5C95-BCF7-4095-A37B-B0100D6E887D}.Debug|Any CPU.Build.0 = Debug|Any CPU
		{A2EE5C95-BCF7-4095-A37B-B0100D6E887D}.Release|Any CPU.ActiveCfg = Release|Any CPU
		{A2EE5C95-BCF7-4095-A37B-B0100D6E887D}.Release|Any CPU.Build.0 = Release|Any CPU
		{3E457BB9-B000-4331-A28A-2712CD94F61C}.Debug|Any CPU.ActiveCfg = Debug|Any CPU
		{3E457BB9-B000-4331-A28A-2712CD94F61C}.Debug|Any CPU.Build.0 = Debug|Any CPU
		{3E457BB9-B000-4331-A28A-2712CD94F61C}.Release|Any CPU.ActiveCfg = Release|Any CPU
		{3E457BB9-B000-4331-A28A-2712CD94F61C}.Release|Any CPU.Build.0 = Release|Any CPU
		{038722F4-A6C1-4ABC-8A2D-E92DD7F7C87B}.Debug|Any CPU.ActiveCfg = Debug|Any CPU
		{038722F4-A6C1-4ABC-8A2D-E92DD7F7C87B}.Debug|Any CPU.Build.0 = Debug|Any CPU
		{038722F4-A6C1-4ABC-8A2D-E92DD7F7C87B}.Release|Any CPU.ActiveCfg = Release|Any CPU
		{038722F4-A6C1-4ABC-8A2D-E92DD7F7C87B}.Release|Any CPU.Build.0 = Release|Any CPU
		{682F6657-788F-4BBC-8E12-DE3420B72B86}.Debug|Any CPU.ActiveCfg = Debug|Any CPU
		{682F6657-788F-4BBC-8E12-DE3420B72B86}.Debug|Any CPU.Build.0 = Debug|Any CPU
		{682F6657-788F-4BBC-8E12-DE3420B72B86}.Release|Any CPU.ActiveCfg = Release|Any CPU
		{682F6657-788F-4BBC-8E12-DE3420B72B86}.Release|Any CPU.Build.0 = Release|Any CPU
		{2F9908A3-6E5C-4F3D-8106-83D62559EB3B}.Debug|Any CPU.ActiveCfg = Debug|Any CPU
		{2F9908A3-6E5C-4F3D-8106-83D62559EB3B}.Debug|Any CPU.Build.0 = Debug|Any CPU
		{2F9908A3-6E5C-4F3D-8106-83D62559EB3B}.Release|Any CPU.ActiveCfg = Release|Any CPU
		{2F9908A3-6E5C-4F3D-8106-83D62559EB3B}.Release|Any CPU.Build.0 = Release|Any CPU
		{47FDD2EC-64D6-456E-9E59-4263E2DCA4F9}.Debug|Any CPU.ActiveCfg = Debug|Any CPU
		{47FDD2EC-64D6-456E-9E59-4263E2DCA4F9}.Debug|Any CPU.Build.0 = Debug|Any CPU
		{47FDD2EC-64D6-456E-9E59-4263E2DCA4F9}.Release|Any CPU.ActiveCfg = Release|Any CPU
		{47FDD2EC-64D6-456E-9E59-4263E2DCA4F9}.Release|Any CPU.Build.0 = Release|Any CPU
		{7F18D234-AA47-47F9-86E4-25952908F3C4}.Debug|Any CPU.ActiveCfg = Debug|Any CPU
		{7F18D234-AA47-47F9-86E4-25952908F3C4}.Debug|Any CPU.Build.0 = Debug|Any CPU
		{7F18D234-AA47-47F9-86E4-25952908F3C4}.Release|Any CPU.ActiveCfg = Release|Any CPU
		{7F18D234-AA47-47F9-86E4-25952908F3C4}.Release|Any CPU.Build.0 = Release|Any CPU
		{C7CD06D2-F052-47B3-B741-8009FE74232B}.Debug|Any CPU.ActiveCfg = Debug|Any CPU
		{C7CD06D2-F052-47B3-B741-8009FE74232B}.Debug|Any CPU.Build.0 = Debug|Any CPU
		{C7CD06D2-F052-47B3-B741-8009FE74232B}.Release|Any CPU.ActiveCfg = Release|Any CPU
		{C7CD06D2-F052-47B3-B741-8009FE74232B}.Release|Any CPU.Build.0 = Release|Any CPU
		{3D2C992B-530F-4450-80B0-364CAC605D5A}.Debug|Any CPU.ActiveCfg = Debug|Any CPU
		{3D2C992B-530F-4450-80B0-364CAC605D5A}.Debug|Any CPU.Build.0 = Debug|Any CPU
		{3D2C992B-530F-4450-80B0-364CAC605D5A}.Release|Any CPU.ActiveCfg = Release|Any CPU
		{3D2C992B-530F-4450-80B0-364CAC605D5A}.Release|Any CPU.Build.0 = Release|Any CPU
		{727B6AFE-5386-4D0C-A118-198F1850949E}.Debug|Any CPU.ActiveCfg = Debug|Any CPU
		{727B6AFE-5386-4D0C-A118-198F1850949E}.Debug|Any CPU.Build.0 = Debug|Any CPU
		{727B6AFE-5386-4D0C-A118-198F1850949E}.Release|Any CPU.ActiveCfg = Release|Any CPU
		{727B6AFE-5386-4D0C-A118-198F1850949E}.Release|Any CPU.Build.0 = Release|Any CPU
		{422909F9-243F-4526-A10E-989F5D3D9A1E}.Debug|Any CPU.ActiveCfg = Debug|Any CPU
		{422909F9-243F-4526-A10E-989F5D3D9A1E}.Debug|Any CPU.Build.0 = Debug|Any CPU
		{422909F9-243F-4526-A10E-989F5D3D9A1E}.Release|Any CPU.ActiveCfg = Release|Any CPU
		{422909F9-243F-4526-A10E-989F5D3D9A1E}.Release|Any CPU.Build.0 = Release|Any CPU
		{89A6CBBD-8A67-49E6-8771-71DFCBA974DF}.Debug|Any CPU.ActiveCfg = Debug|Any CPU
		{89A6CBBD-8A67-49E6-8771-71DFCBA974DF}.Debug|Any CPU.Build.0 = Debug|Any CPU
		{89A6CBBD-8A67-49E6-8771-71DFCBA974DF}.Release|Any CPU.ActiveCfg = Release|Any CPU
		{89A6CBBD-8A67-49E6-8771-71DFCBA974DF}.Release|Any CPU.Build.0 = Release|Any CPU
		{9C235800-8A45-4C1B-AE5D-8D743B881A0E}.Debug|Any CPU.ActiveCfg = Debug|Any CPU
		{9C235800-8A45-4C1B-AE5D-8D743B881A0E}.Debug|Any CPU.Build.0 = Debug|Any CPU
		{9C235800-8A45-4C1B-AE5D-8D743B881A0E}.Release|Any CPU.ActiveCfg = Release|Any CPU
		{9C235800-8A45-4C1B-AE5D-8D743B881A0E}.Release|Any CPU.Build.0 = Release|Any CPU
		{85865DBC-4E33-4C7C-803D-ABAC2B8B8B2D}.Debug|Any CPU.ActiveCfg = Debug|Any CPU
		{85865DBC-4E33-4C7C-803D-ABAC2B8B8B2D}.Debug|Any CPU.Build.0 = Debug|Any CPU
		{85865DBC-4E33-4C7C-803D-ABAC2B8B8B2D}.Release|Any CPU.ActiveCfg = Release|Any CPU
		{85865DBC-4E33-4C7C-803D-ABAC2B8B8B2D}.Release|Any CPU.Build.0 = Release|Any CPU
		{2B14402F-10DD-45B2-9235-0549C2ECAD85}.Debug|Any CPU.ActiveCfg = Debug|Any CPU
		{2B14402F-10DD-45B2-9235-0549C2ECAD85}.Debug|Any CPU.Build.0 = Debug|Any CPU
		{2B14402F-10DD-45B2-9235-0549C2ECAD85}.Release|Any CPU.ActiveCfg = Release|Any CPU
		{2B14402F-10DD-45B2-9235-0549C2ECAD85}.Release|Any CPU.Build.0 = Release|Any CPU
		{052FBDDB-3435-4BFB-8233-0E9C880E2A0F}.Debug|Any CPU.ActiveCfg = Debug|Any CPU
		{052FBDDB-3435-4BFB-8233-0E9C880E2A0F}.Debug|Any CPU.Build.0 = Debug|Any CPU
		{052FBDDB-3435-4BFB-8233-0E9C880E2A0F}.Release|Any CPU.ActiveCfg = Release|Any CPU
		{052FBDDB-3435-4BFB-8233-0E9C880E2A0F}.Release|Any CPU.Build.0 = Release|Any CPU
		{A207FF24-E19F-4A01-9687-AACF8292DD9C}.Debug|Any CPU.ActiveCfg = Debug|Any CPU
		{A207FF24-E19F-4A01-9687-AACF8292DD9C}.Debug|Any CPU.Build.0 = Debug|Any CPU
		{A207FF24-E19F-4A01-9687-AACF8292DD9C}.Release|Any CPU.ActiveCfg = Release|Any CPU
		{A207FF24-E19F-4A01-9687-AACF8292DD9C}.Release|Any CPU.Build.0 = Release|Any CPU
		{A3E6C0CF-2363-4BAF-8A9E-ABE7044AA1FC}.Debug|Any CPU.ActiveCfg = Debug|Any CPU
		{A3E6C0CF-2363-4BAF-8A9E-ABE7044AA1FC}.Debug|Any CPU.Build.0 = Debug|Any CPU
		{A3E6C0CF-2363-4BAF-8A9E-ABE7044AA1FC}.Release|Any CPU.ActiveCfg = Release|Any CPU
		{A3E6C0CF-2363-4BAF-8A9E-ABE7044AA1FC}.Release|Any CPU.Build.0 = Release|Any CPU
		{7E9CA097-9593-434C-8FEB-322D7F24CEC5}.Debug|Any CPU.ActiveCfg = Debug|Any CPU
		{7E9CA097-9593-434C-8FEB-322D7F24CEC5}.Debug|Any CPU.Build.0 = Debug|Any CPU
		{7E9CA097-9593-434C-8FEB-322D7F24CEC5}.Release|Any CPU.ActiveCfg = Release|Any CPU
		{7E9CA097-9593-434C-8FEB-322D7F24CEC5}.Release|Any CPU.Build.0 = Release|Any CPU
		{8825076B-887B-4DA8-BE1A-6F3F20819DFD}.Debug|Any CPU.ActiveCfg = Debug|Any CPU
		{8825076B-887B-4DA8-BE1A-6F3F20819DFD}.Debug|Any CPU.Build.0 = Debug|Any CPU
		{8825076B-887B-4DA8-BE1A-6F3F20819DFD}.Release|Any CPU.ActiveCfg = Release|Any CPU
		{8825076B-887B-4DA8-BE1A-6F3F20819DFD}.Release|Any CPU.Build.0 = Release|Any CPU
		{A95B3C74-49E2-4012-B1B7-378C1BF86913}.Debug|Any CPU.ActiveCfg = Debug|Any CPU
		{A95B3C74-49E2-4012-B1B7-378C1BF86913}.Debug|Any CPU.Build.0 = Debug|Any CPU
		{A95B3C74-49E2-4012-B1B7-378C1BF86913}.Release|Any CPU.ActiveCfg = Release|Any CPU
		{A95B3C74-49E2-4012-B1B7-378C1BF86913}.Release|Any CPU.Build.0 = Release|Any CPU
		{2240347D-31CF-41EE-BB49-B929B04E1292}.Debug|Any CPU.ActiveCfg = Debug|Any CPU
		{2240347D-31CF-41EE-BB49-B929B04E1292}.Debug|Any CPU.Build.0 = Debug|Any CPU
		{2240347D-31CF-41EE-BB49-B929B04E1292}.Release|Any CPU.ActiveCfg = Release|Any CPU
		{2240347D-31CF-41EE-BB49-B929B04E1292}.Release|Any CPU.Build.0 = Release|Any CPU
		{A0BDDCB4-754B-4118-99BD-CB0C120DECFF}.Debug|Any CPU.ActiveCfg = Debug|Any CPU
		{A0BDDCB4-754B-4118-99BD-CB0C120DECFF}.Debug|Any CPU.Build.0 = Debug|Any CPU
		{A0BDDCB4-754B-4118-99BD-CB0C120DECFF}.Release|Any CPU.ActiveCfg = Release|Any CPU
		{A0BDDCB4-754B-4118-99BD-CB0C120DECFF}.Release|Any CPU.Build.0 = Release|Any CPU
		{AE5E28DC-0027-4005-9E10-42BA116ADF92}.Debug|Any CPU.ActiveCfg = Debug|Any CPU
		{AE5E28DC-0027-4005-9E10-42BA116ADF92}.Debug|Any CPU.Build.0 = Debug|Any CPU
		{AE5E28DC-0027-4005-9E10-42BA116ADF92}.Release|Any CPU.ActiveCfg = Release|Any CPU
		{AE5E28DC-0027-4005-9E10-42BA116ADF92}.Release|Any CPU.Build.0 = Release|Any CPU
		{B7C429E2-611C-4851-BE3A-74DD03C4FDBA}.Debug|Any CPU.ActiveCfg = Debug|Any CPU
		{B7C429E2-611C-4851-BE3A-74DD03C4FDBA}.Debug|Any CPU.Build.0 = Debug|Any CPU
		{B7C429E2-611C-4851-BE3A-74DD03C4FDBA}.Release|Any CPU.ActiveCfg = Release|Any CPU
		{B7C429E2-611C-4851-BE3A-74DD03C4FDBA}.Release|Any CPU.Build.0 = Release|Any CPU
		{ABD2C7C5-FE52-4F7C-98CB-E9C476828321}.Debug|Any CPU.ActiveCfg = Debug|Any CPU
		{ABD2C7C5-FE52-4F7C-98CB-E9C476828321}.Debug|Any CPU.Build.0 = Debug|Any CPU
		{ABD2C7C5-FE52-4F7C-98CB-E9C476828321}.Release|Any CPU.ActiveCfg = Release|Any CPU
		{ABD2C7C5-FE52-4F7C-98CB-E9C476828321}.Release|Any CPU.Build.0 = Release|Any CPU
		{ABEBE9CE-EEF5-43EB-903F-E4F4271E44C0}.Debug|Any CPU.ActiveCfg = Debug|Any CPU
		{ABEBE9CE-EEF5-43EB-903F-E4F4271E44C0}.Debug|Any CPU.Build.0 = Debug|Any CPU
		{ABEBE9CE-EEF5-43EB-903F-E4F4271E44C0}.Release|Any CPU.ActiveCfg = Release|Any CPU
		{ABEBE9CE-EEF5-43EB-903F-E4F4271E44C0}.Release|Any CPU.Build.0 = Release|Any CPU
		{255B75AF-4941-49B1-AF47-4A1629ACC901}.Debug|Any CPU.ActiveCfg = Debug|Any CPU
		{255B75AF-4941-49B1-AF47-4A1629ACC901}.Debug|Any CPU.Build.0 = Debug|Any CPU
		{255B75AF-4941-49B1-AF47-4A1629ACC901}.Release|Any CPU.ActiveCfg = Release|Any CPU
		{255B75AF-4941-49B1-AF47-4A1629ACC901}.Release|Any CPU.Build.0 = Release|Any CPU
		{AB6EC1A8-4852-41DE-9E46-7913A8E436E5}.Debug|Any CPU.ActiveCfg = Debug|Any CPU
		{AB6EC1A8-4852-41DE-9E46-7913A8E436E5}.Debug|Any CPU.Build.0 = Debug|Any CPU
		{AB6EC1A8-4852-41DE-9E46-7913A8E436E5}.Release|Any CPU.ActiveCfg = Release|Any CPU
		{AB6EC1A8-4852-41DE-9E46-7913A8E436E5}.Release|Any CPU.Build.0 = Release|Any CPU
		{21C79825-6CE3-45FD-BF46-9B3D5DF9A5A2}.Debug|Any CPU.ActiveCfg = Debug|Any CPU
		{21C79825-6CE3-45FD-BF46-9B3D5DF9A5A2}.Debug|Any CPU.Build.0 = Debug|Any CPU
		{21C79825-6CE3-45FD-BF46-9B3D5DF9A5A2}.Release|Any CPU.ActiveCfg = Release|Any CPU
		{21C79825-6CE3-45FD-BF46-9B3D5DF9A5A2}.Release|Any CPU.Build.0 = Release|Any CPU
		{CC591F9F-7B0D-4A1B-AC99-5E57C97A152C}.Debug|Any CPU.ActiveCfg = Debug|Any CPU
		{CC591F9F-7B0D-4A1B-AC99-5E57C97A152C}.Debug|Any CPU.Build.0 = Debug|Any CPU
		{CC591F9F-7B0D-4A1B-AC99-5E57C97A152C}.Release|Any CPU.ActiveCfg = Release|Any CPU
		{CC591F9F-7B0D-4A1B-AC99-5E57C97A152C}.Release|Any CPU.Build.0 = Release|Any CPU
		{EB274E4C-BF6B-4AFE-AB93-4EF30F90F511}.Debug|Any CPU.ActiveCfg = Debug|Any CPU
		{EB274E4C-BF6B-4AFE-AB93-4EF30F90F511}.Debug|Any CPU.Build.0 = Debug|Any CPU
		{EB274E4C-BF6B-4AFE-AB93-4EF30F90F511}.Release|Any CPU.ActiveCfg = Release|Any CPU
		{EB274E4C-BF6B-4AFE-AB93-4EF30F90F511}.Release|Any CPU.Build.0 = Release|Any CPU
		{61E32A7F-262A-4ED0-B9E0-AB11AFA426E8}.Debug|Any CPU.ActiveCfg = Debug|Any CPU
		{61E32A7F-262A-4ED0-B9E0-AB11AFA426E8}.Debug|Any CPU.Build.0 = Debug|Any CPU
		{61E32A7F-262A-4ED0-B9E0-AB11AFA426E8}.Release|Any CPU.ActiveCfg = Release|Any CPU
		{61E32A7F-262A-4ED0-B9E0-AB11AFA426E8}.Release|Any CPU.Build.0 = Release|Any CPU
		{28364CBC-D19D-4BCE-81C3-442E6CF9425B}.Debug|Any CPU.ActiveCfg = Debug|Any CPU
		{28364CBC-D19D-4BCE-81C3-442E6CF9425B}.Debug|Any CPU.Build.0 = Debug|Any CPU
		{28364CBC-D19D-4BCE-81C3-442E6CF9425B}.Release|Any CPU.ActiveCfg = Release|Any CPU
		{28364CBC-D19D-4BCE-81C3-442E6CF9425B}.Release|Any CPU.Build.0 = Release|Any CPU
		{DAAF89CB-8E0C-41EF-8E68-400681CBE4F9}.Debug|Any CPU.ActiveCfg = Debug|Any CPU
		{DAAF89CB-8E0C-41EF-8E68-400681CBE4F9}.Debug|Any CPU.Build.0 = Debug|Any CPU
		{DAAF89CB-8E0C-41EF-8E68-400681CBE4F9}.Release|Any CPU.ActiveCfg = Release|Any CPU
		{DAAF89CB-8E0C-41EF-8E68-400681CBE4F9}.Release|Any CPU.Build.0 = Release|Any CPU
		{23D642EB-A146-461A-AB42-188AF85DFECE}.Debug|Any CPU.ActiveCfg = Debug|Any CPU
		{23D642EB-A146-461A-AB42-188AF85DFECE}.Debug|Any CPU.Build.0 = Debug|Any CPU
		{23D642EB-A146-461A-AB42-188AF85DFECE}.Release|Any CPU.ActiveCfg = Release|Any CPU
		{23D642EB-A146-461A-AB42-188AF85DFECE}.Release|Any CPU.Build.0 = Release|Any CPU
		{90812607-B2E7-415C-BEE2-810E29EDBD42}.Debug|Any CPU.ActiveCfg = Debug|Any CPU
		{90812607-B2E7-415C-BEE2-810E29EDBD42}.Debug|Any CPU.Build.0 = Debug|Any CPU
		{90812607-B2E7-415C-BEE2-810E29EDBD42}.Release|Any CPU.ActiveCfg = Release|Any CPU
		{90812607-B2E7-415C-BEE2-810E29EDBD42}.Release|Any CPU.Build.0 = Release|Any CPU
		{75C42C96-C32C-4639-AAD7-1E3AD7A9355F}.Debug|Any CPU.ActiveCfg = Debug|Any CPU
		{75C42C96-C32C-4639-AAD7-1E3AD7A9355F}.Debug|Any CPU.Build.0 = Debug|Any CPU
		{75C42C96-C32C-4639-AAD7-1E3AD7A9355F}.Release|Any CPU.ActiveCfg = Release|Any CPU
		{75C42C96-C32C-4639-AAD7-1E3AD7A9355F}.Release|Any CPU.Build.0 = Release|Any CPU
		{8791DB3D-92B9-493D-B035-631FD8DFA2E4}.Debug|Any CPU.ActiveCfg = Debug|Any CPU
		{8791DB3D-92B9-493D-B035-631FD8DFA2E4}.Debug|Any CPU.Build.0 = Debug|Any CPU
		{8791DB3D-92B9-493D-B035-631FD8DFA2E4}.Release|Any CPU.ActiveCfg = Release|Any CPU
		{8791DB3D-92B9-493D-B035-631FD8DFA2E4}.Release|Any CPU.Build.0 = Release|Any CPU
		{B7672B48-5F8E-4C9C-9933-CFA23217805B}.Debug|Any CPU.ActiveCfg = Debug|Any CPU
		{B7672B48-5F8E-4C9C-9933-CFA23217805B}.Debug|Any CPU.Build.0 = Debug|Any CPU
		{B7672B48-5F8E-4C9C-9933-CFA23217805B}.Release|Any CPU.ActiveCfg = Release|Any CPU
		{B7672B48-5F8E-4C9C-9933-CFA23217805B}.Release|Any CPU.Build.0 = Release|Any CPU
		{8B029BB0-2702-49FC-99E6-9330C0841A25}.Debug|Any CPU.ActiveCfg = Debug|Any CPU
		{8B029BB0-2702-49FC-99E6-9330C0841A25}.Debug|Any CPU.Build.0 = Debug|Any CPU
		{8B029BB0-2702-49FC-99E6-9330C0841A25}.Release|Any CPU.ActiveCfg = Release|Any CPU
		{8B029BB0-2702-49FC-99E6-9330C0841A25}.Release|Any CPU.Build.0 = Release|Any CPU
		{75C76C65-DD06-43C5-9FA5-883B7D022091}.Debug|Any CPU.ActiveCfg = Debug|Any CPU
		{75C76C65-DD06-43C5-9FA5-883B7D022091}.Debug|Any CPU.Build.0 = Debug|Any CPU
		{75C76C65-DD06-43C5-9FA5-883B7D022091}.Release|Any CPU.ActiveCfg = Release|Any CPU
		{75C76C65-DD06-43C5-9FA5-883B7D022091}.Release|Any CPU.Build.0 = Release|Any CPU
		{4C73879C-0AFB-4608-8578-BCCC7D647489}.Debug|Any CPU.ActiveCfg = Debug|Any CPU
		{4C73879C-0AFB-4608-8578-BCCC7D647489}.Debug|Any CPU.Build.0 = Debug|Any CPU
		{4C73879C-0AFB-4608-8578-BCCC7D647489}.Release|Any CPU.ActiveCfg = Release|Any CPU
		{4C73879C-0AFB-4608-8578-BCCC7D647489}.Release|Any CPU.Build.0 = Release|Any CPU
		{0A97E01F-EA6B-4BD5-A49A-6BC30322F4E1}.Debug|Any CPU.ActiveCfg = Debug|Any CPU
		{0A97E01F-EA6B-4BD5-A49A-6BC30322F4E1}.Debug|Any CPU.Build.0 = Debug|Any CPU
		{0A97E01F-EA6B-4BD5-A49A-6BC30322F4E1}.Release|Any CPU.ActiveCfg = Release|Any CPU
		{0A97E01F-EA6B-4BD5-A49A-6BC30322F4E1}.Release|Any CPU.Build.0 = Release|Any CPU
		{26E54674-0B57-4C33-B06E-65AC04B146DC}.Debug|Any CPU.ActiveCfg = Debug|Any CPU
		{26E54674-0B57-4C33-B06E-65AC04B146DC}.Debug|Any CPU.Build.0 = Debug|Any CPU
		{26E54674-0B57-4C33-B06E-65AC04B146DC}.Release|Any CPU.ActiveCfg = Release|Any CPU
		{26E54674-0B57-4C33-B06E-65AC04B146DC}.Release|Any CPU.Build.0 = Release|Any CPU
		{117A526A-ECA3-4097-A0AC-4A3A081D2C7C}.Debug|Any CPU.ActiveCfg = Debug|Any CPU
		{117A526A-ECA3-4097-A0AC-4A3A081D2C7C}.Debug|Any CPU.Build.0 = Debug|Any CPU
		{117A526A-ECA3-4097-A0AC-4A3A081D2C7C}.Release|Any CPU.ActiveCfg = Release|Any CPU
		{117A526A-ECA3-4097-A0AC-4A3A081D2C7C}.Release|Any CPU.Build.0 = Release|Any CPU
	EndGlobalSection
	GlobalSection(SolutionProperties) = preSolution
		HideSolutionNode = FALSE
	EndGlobalSection
	GlobalSection(ExtensibilityGlobals) = postSolution
		SolutionGuid = {BDF1D431-2F7B-4520-8FA6-EFE433A5E854}
	EndGlobalSection
EndGlobal
