
Microsoft Visual Studio Solution File, Format Version 12.00
# Visual Studio Version 17
VisualStudioVersion = 17.2.32630.192
MinimumVisualStudioVersion = 10.0.40219.1
Project("{9A19103F-16F7-4668-BE54-9A1E7A4F7556}") = "R5T.O0026.Construction", "R5T.O0026.Construction\R5T.O0026.Construction.csproj", "{60F5DECD-B20F-418D-8020-DBB3143D6080}"
EndProject
Project("{9A19103F-16F7-4668-BE54-9A1E7A4F7556}") = "R5T.O0026", "R5T.O0026\R5T.O0026.csproj", "{59102A3F-D2BF-4AF9-B4D4-CBA2EF5FC444}"
EndProject
Project("{2150E333-8FDC-42A3-9474-1A3956D46DE8}") = "_Dependencies", "_Dependencies", "{A949A740-B29B-4745-BED3-FBD6CB051DA4}"
EndProject
Project("{9A19103F-16F7-4668-BE54-9A1E7A4F7556}") = "R5T.F0000", "..\..\R5T.F0000\source\R5T.F0000\R5T.F0000.csproj", "{170854CA-0366-4EBE-A380-2CC6A3807B96}"
EndProject
Project("{9A19103F-16F7-4668-BE54-9A1E7A4F7556}") = "R5T.F0002", "..\..\R5T.F0002\source\R5T.F0002\R5T.F0002.csproj", "{BBF27B8C-68A2-4418-A433-4808402A68D0}"
EndProject
Project("{9A19103F-16F7-4668-BE54-9A1E7A4F7556}") = "R5T.F0019", "..\..\R5T.F0019\source\R5T.F0019\R5T.F0019.csproj", "{A628F3D6-684F-473F-8114-1704CDB761AB}"
EndProject
Project("{9A19103F-16F7-4668-BE54-9A1E7A4F7556}") = "R5T.F0032", "..\..\R5T.F0032\source\R5T.F0032\R5T.F0032.csproj", "{889CBDC9-B7D9-4F20-BB83-B1A96793C296}"
EndProject
Project("{9A19103F-16F7-4668-BE54-9A1E7A4F7556}") = "R5T.F0041", "..\..\R5T.F0041\source\R5T.F0041\R5T.F0041.csproj", "{9ED5D4E7-F77E-4904-9085-D20328A1B8E6}"
EndProject
Project("{9A19103F-16F7-4668-BE54-9A1E7A4F7556}") = "R5T.F0044", "..\..\R5T.F0044\source\R5T.F0044\R5T.F0044.csproj", "{554702EE-FE39-4922-8CE1-7C075DC89E13}"
EndProject
Project("{9A19103F-16F7-4668-BE54-9A1E7A4F7556}") = "R5T.F0046", "..\..\R5T.F0046\source\R5T.F0046\R5T.F0046.csproj", "{79F81068-A489-41EF-B140-1E0F9C394181}"
EndProject
Project("{9A19103F-16F7-4668-BE54-9A1E7A4F7556}") = "R5T.F0047", "..\..\R5T.F0047\source\R5T.F0047\R5T.F0047.csproj", "{71F09A28-AB35-4F84-B611-C8A6EA6EBFCC}"
EndProject
Project("{9A19103F-16F7-4668-BE54-9A1E7A4F7556}") = "R5T.F0057", "..\..\R5T.F0057\source\R5T.F0057\R5T.F0057.csproj", "{EA34F579-FE25-4134-BB79-1D01CF5E17E4}"
EndProject
Project("{9A19103F-16F7-4668-BE54-9A1E7A4F7556}") = "R5T.F0120", "..\..\R5T.F0120\source\R5T.F0120\R5T.F0120.csproj", "{19DD8D40-BC44-47D8-90B3-039A7C7E2316}"
EndProject
Project("{9A19103F-16F7-4668-BE54-9A1E7A4F7556}") = "R5T.F0124", "..\..\R5T.F0124\source\R5T.F0124\R5T.F0124.csproj", "{E7A8DED8-38B5-4B1F-AF40-589028223221}"
EndProject
Project("{9A19103F-16F7-4668-BE54-9A1E7A4F7556}") = "R5T.F0125", "..\..\R5T.F0125\source\R5T.F0125\R5T.F0125.csproj", "{E228D2CD-7DC7-4647-9B23-15D7ECBF6923}"
EndProject
Project("{9A19103F-16F7-4668-BE54-9A1E7A4F7556}") = "R5T.L0001.Y000", "..\..\R5T.L0001\source\R5T.L0001.Y000\R5T.L0001.Y000.csproj", "{937B7CD7-72B2-4749-A39E-0704EDC7B152}"
EndProject
Project("{9A19103F-16F7-4668-BE54-9A1E7A4F7556}") = "R5T.L0001.Z000", "..\..\R5T.L0001\source\R5T.L0001.Z000\R5T.L0001.Z000.csproj", "{B2918B5D-C497-448D-9D38-D9F9E7757EE5}"
EndProject
Project("{9A19103F-16F7-4668-BE54-9A1E7A4F7556}") = "R5T.L0001", "..\..\R5T.L0001\source\R5T.L0001\R5T.L0001.csproj", "{3901508A-5A3F-4403-AFA1-64CAD42289D3}"
EndProject
Project("{9A19103F-16F7-4668-BE54-9A1E7A4F7556}") = "R5T.L0030.T000", "..\..\R5T.L0030\source\R5T.L0030.T000\R5T.L0030.T000.csproj", "{82E4AF10-2054-4B27-8DC4-69328704B15B}"
EndProject
Project("{9A19103F-16F7-4668-BE54-9A1E7A4F7556}") = "R5T.L0030", "..\..\R5T.L0030\source\R5T.L0030\R5T.L0030.csproj", "{A3941239-454F-4674-82A0-89CD2BE5C0F9}"
EndProject
Project("{9A19103F-16F7-4668-BE54-9A1E7A4F7556}") = "R5T.L0031.T000", "..\..\R5T.L0031\source\R5T.L0031.T000\R5T.L0031.T000.csproj", "{0C07ACE9-537D-444C-B870-E7F7ED5C8098}"
EndProject
Project("{9A19103F-16F7-4668-BE54-9A1E7A4F7556}") = "R5T.L0031", "..\..\R5T.L0031\source\R5T.L0031\R5T.L0031.csproj", "{480F0245-EFFE-4938-8E28-CAD614C9CC68}"
EndProject
Project("{9A19103F-16F7-4668-BE54-9A1E7A4F7556}") = "R5T.L0034", "..\..\R5T.L0034\source\R5T.L0034\R5T.L0034.csproj", "{CB97EC96-6A87-48AE-B2DA-2936C207CBEF}"
EndProject
Project("{9A19103F-16F7-4668-BE54-9A1E7A4F7556}") = "R5T.L0035", "..\..\R5T.L0035\source\R5T.L0035\R5T.L0035.csproj", "{DF98D9E8-F5E8-4DE3-8DBC-FB9C4FD1D2E1}"
EndProject
Project("{9A19103F-16F7-4668-BE54-9A1E7A4F7556}") = "R5T.L0036.T000", "..\..\R5T.L0036\source\R5T.L0036.T000\R5T.L0036.T000.csproj", "{0AC0A0A2-B317-415C-90F2-DA8B6E232ECA}"
EndProject
Project("{9A19103F-16F7-4668-BE54-9A1E7A4F7556}") = "R5T.L0036", "..\..\R5T.L0036\source\R5T.L0036\R5T.L0036.csproj", "{67CEE2F3-3F1B-45D8-AC14-F39FE6E05AC4}"
EndProject
Project("{9A19103F-16F7-4668-BE54-9A1E7A4F7556}") = "R5T.NG0005", "..\..\R5T.NG0005\source\R5T.NG0005\R5T.NG0005.csproj", "{EEF2B42F-6FDD-4700-BA0C-8FB67278884A}"
EndProject
Project("{9A19103F-16F7-4668-BE54-9A1E7A4F7556}") = "R5T.NG0006", "..\..\R5T.NG0006\source\R5T.NG0006\R5T.NG0006.csproj", "{28F71128-EDE1-4621-ADC8-38A01015AB60}"
EndProject
Project("{9A19103F-16F7-4668-BE54-9A1E7A4F7556}") = "R5T.NG0008", "..\..\R5T.NG0008\source\R5T.NG0008\R5T.NG0008.csproj", "{5F15A07F-2D0C-4BBD-B0E0-CD968234DC3A}"
EndProject
Project("{9A19103F-16F7-4668-BE54-9A1E7A4F7556}") = "R5T.NG0022", "..\..\R5T.NG0022\source\R5T.NG0022\R5T.NG0022.csproj", "{215FE867-AB06-46AA-9DC7-EC74D33E9CF6}"
EndProject
Project("{9A19103F-16F7-4668-BE54-9A1E7A4F7556}") = "R5T.O0017", "..\..\R5T.O0017\source\R5T.O0017\R5T.O0017.csproj", "{A68760D3-0E79-48BC-AB84-0DB142581634}"
EndProject
Project("{9A19103F-16F7-4668-BE54-9A1E7A4F7556}") = "R5T.O0023", "..\..\R5T.O0023\source\R5T.O0023\R5T.O0023.csproj", "{A834D577-552B-4430-BCBD-4BB8D463D6A1}"
EndProject
Project("{9A19103F-16F7-4668-BE54-9A1E7A4F7556}") = "R5T.T0046", "..\..\R5T.T0046\source\R5T.T0046\R5T.T0046.csproj", "{6B2014B6-C33B-4B2D-AAAF-DDD8983DE1EE}"
EndProject
Project("{9A19103F-16F7-4668-BE54-9A1E7A4F7556}") = "R5T.T0131", "..\..\R5T.T0131\source\R5T.T0131\R5T.T0131.csproj", "{847EE689-EC77-4478-8381-EA23621DF66B}"
EndProject
Project("{9A19103F-16F7-4668-BE54-9A1E7A4F7556}") = "R5T.T0132", "..\..\R5T.T0132\source\R5T.T0132\R5T.T0132.csproj", "{9E449F22-DD1C-495C-AB5A-602A968BBF28}"
EndProject
Project("{9A19103F-16F7-4668-BE54-9A1E7A4F7556}") = "R5T.T0137", "..\..\R5T.T0137\source\R5T.T0137\R5T.T0137.csproj", "{D21FE48E-4F2D-4ECC-88AC-F027BF20031D}"
EndProject
Project("{9A19103F-16F7-4668-BE54-9A1E7A4F7556}") = "R5T.T0142", "..\..\R5T.T0142\source\R5T.T0142\R5T.T0142.csproj", "{E2233BCC-FD6C-4E53-A85E-C13507F4C072}"
EndProject
Project("{9A19103F-16F7-4668-BE54-9A1E7A4F7556}") = "R5T.T0143", "..\..\R5T.T0143\source\R5T.T0143\R5T.T0143.csproj", "{8B6CC6CB-5C19-49FD-8EDE-9BB34319C678}"
EndProject
Project("{9A19103F-16F7-4668-BE54-9A1E7A4F7556}") = "R5T.T0144", "..\..\R5T.T0144\source\R5T.T0144\R5T.T0144.csproj", "{75F14F92-8EAA-4DAF-A33B-8A1976F0D85E}"
EndProject
Project("{9A19103F-16F7-4668-BE54-9A1E7A4F7556}") = "R5T.T0156", "..\..\R5T.T0156\source\R5T.T0156\R5T.T0156.csproj", "{A1FE94C6-7AFF-4DA3-9B45-1542917DE631}"
EndProject
Project("{9A19103F-16F7-4668-BE54-9A1E7A4F7556}") = "R5T.T0158", "..\..\R5T.T0158\source\R5T.T0158\R5T.T0158.csproj", "{09B90172-9288-4E39-B419-0B93A790AF57}"
EndProject
Project("{9A19103F-16F7-4668-BE54-9A1E7A4F7556}") = "R5T.T0159", "..\..\R5T.T0159\source\R5T.T0159\R5T.T0159.csproj", "{3962DA33-9D07-41E6-8BC9-63826832EF28}"
EndProject
Project("{9A19103F-16F7-4668-BE54-9A1E7A4F7556}") = "R5T.T0174", "..\..\R5T.T0174\source\R5T.T0174\R5T.T0174.csproj", "{BA8CB711-0F44-4BE5-B07D-CF22B72C9444}"
EndProject
Project("{9A19103F-16F7-4668-BE54-9A1E7A4F7556}") = "R5T.T0176", "..\..\R5T.T0176\source\R5T.T0176\R5T.T0176.csproj", "{8B0380B6-DD92-443E-BB73-3E8EE34B9FBE}"
EndProject
Project("{9A19103F-16F7-4668-BE54-9A1E7A4F7556}") = "R5T.T0177", "..\..\R5T.T0177\source\R5T.T0177\R5T.T0177.csproj", "{05AEC581-ED21-409B-9D38-3B67F953161E}"
EndProject
Project("{9A19103F-16F7-4668-BE54-9A1E7A4F7556}") = "R5T.T0178", "..\..\R5T.T0178\source\R5T.T0178\R5T.T0178.csproj", "{184D209F-3A19-4B01-9C08-8000BFB71419}"
EndProject
Project("{9A19103F-16F7-4668-BE54-9A1E7A4F7556}") = "R5T.T0179", "..\..\R5T.T0179\source\R5T.T0179\R5T.T0179.csproj", "{B345CD74-39A4-4FCC-BA5B-2FA8ED306027}"
EndProject
Project("{9A19103F-16F7-4668-BE54-9A1E7A4F7556}") = "R5T.T0180", "..\..\R5T.T0180\source\R5T.T0180\R5T.T0180.csproj", "{92DDBC66-179A-4D1F-AAAC-36A986C7120C}"
EndProject
Project("{9A19103F-16F7-4668-BE54-9A1E7A4F7556}") = "R5T.T0181", "..\..\R5T.T0181\source\R5T.T0181\R5T.T0181.csproj", "{C6F54D70-E87B-4DE1-B0D9-A746576D95CB}"
EndProject
Project("{9A19103F-16F7-4668-BE54-9A1E7A4F7556}") = "R5T.T0184", "..\..\R5T.T0184\source\R5T.T0184\R5T.T0184.csproj", "{4943A88F-8BE0-4305-B5B7-3F697C891F5A}"
EndProject
Project("{9A19103F-16F7-4668-BE54-9A1E7A4F7556}") = "R5T.T0185", "..\..\R5T.T0185\source\R5T.T0185\R5T.T0185.csproj", "{50D37067-AF71-426B-94B9-121E8FD9AD98}"
EndProject
Project("{9A19103F-16F7-4668-BE54-9A1E7A4F7556}") = "R5T.T0186", "..\..\R5T.T0186\source\R5T.T0186\R5T.T0186.csproj", "{60190660-B78B-403E-810F-2207D4BF3738}"
EndProject
Project("{9A19103F-16F7-4668-BE54-9A1E7A4F7556}") = "R5T.T0198", "..\..\R5T.T0198\source\R5T.T0198\R5T.T0198.csproj", "{D42BE188-EF40-45C8-8DE4-DA7CC1046333}"
EndProject
Project("{9A19103F-16F7-4668-BE54-9A1E7A4F7556}") = "R5T.T0200", "..\..\R5T.T0200\source\R5T.T0200\R5T.T0200.csproj", "{6764A635-66A7-4DA7-8F44-0821129DA346}"
EndProject
Project("{9A19103F-16F7-4668-BE54-9A1E7A4F7556}") = "R5T.T0203", "..\..\R5T.T0203\source\R5T.T0203\R5T.T0203.csproj", "{BD8987FD-73B5-4922-8ED2-D2CC4143E75A}"
EndProject
Project("{9A19103F-16F7-4668-BE54-9A1E7A4F7556}") = "R5T.T0209", "..\..\R5T.T0209\source\R5T.T0209\R5T.T0209.csproj", "{E180D711-7B61-4BD5-9304-0FAF0D902C4D}"
EndProject
Project("{9A19103F-16F7-4668-BE54-9A1E7A4F7556}") = "R5T.Y0000", "..\..\R5T.Y0000\source\R5T.Y0000\R5T.Y0000.csproj", "{D2C89420-8F93-4F36-B4F3-E4EDAFCC745B}"
EndProject
Project("{9A19103F-16F7-4668-BE54-9A1E7A4F7556}") = "R5T.Y0004", "..\..\R5T.Y0004\source\R5T.Y0004\R5T.Y0004.csproj", "{21AE9744-4C96-4A2B-BD6E-4F6E8AAA5060}"
EndProject
Project("{9A19103F-16F7-4668-BE54-9A1E7A4F7556}") = "R5T.Z0000", "..\..\R5T.Z0000\source\R5T.Z0000\R5T.Z0000.csproj", "{1AFBB92E-21EE-424C-BB1D-2FC4A161C24D}"
EndProject
Project("{9A19103F-16F7-4668-BE54-9A1E7A4F7556}") = "R5T.Z0005", "..\..\R5T.Z0005\source\R5T.Z0005\R5T.Z0005.csproj", "{190669A3-9A0B-4E55-B34E-CE3B2B4DAC68}"
EndProject
Project("{9A19103F-16F7-4668-BE54-9A1E7A4F7556}") = "R5T.Z0013", "..\..\R5T.Z0013\source\R5T.Z0013\R5T.Z0013.csproj", "{DC5FB136-D46F-485D-B72F-7380EE784D3C}"
EndProject
Project("{9A19103F-16F7-4668-BE54-9A1E7A4F7556}") = "R5T.T0150", "..\..\R5T.T0150\source\R5T.T0150\R5T.T0150.csproj", "{B7803703-E519-4530-A00C-9D5B76B0D5EA}"
EndProject
Project("{9A19103F-16F7-4668-BE54-9A1E7A4F7556}") = "R5T.T0151", "..\..\R5T.T0151\source\R5T.T0151\R5T.T0151.csproj", "{AF2EDC23-EAA6-4DD3-A420-05CB707EC8C6}"
EndProject
Project("{9A19103F-16F7-4668-BE54-9A1E7A4F7556}") = "R5T.T0172", "..\..\R5T.T0172\source\R5T.T0172\R5T.T0172.csproj", "{E859B170-1D3E-4BA5-81A5-16D4057AE816}"
EndProject
Project("{9A19103F-16F7-4668-BE54-9A1E7A4F7556}") = "R5T.O0026.O001", "R5T.O0026.O001\R5T.O0026.O001.csproj", "{447ACEE6-147D-44B8-9378-260715077AED}"
EndProject
Project("{9A19103F-16F7-4668-BE54-9A1E7A4F7556}") = "R5T.O0026.O002", "R5T.O0026.O002\R5T.O0026.O002.csproj", "{F1ED38AF-EC70-4C03-99AD-04CF746BB86E}"
EndProject
Project("{9A19103F-16F7-4668-BE54-9A1E7A4F7556}") = "R5T.F0129", "..\..\R5T.F0129\source\R5T.F0129\R5T.F0129.csproj", "{73D1ED70-3C24-4D7E-AFB6-B0FA311DD470}"
EndProject
Project("{9A19103F-16F7-4668-BE54-9A1E7A4F7556}") = "R5T.F0130", "..\..\R5T.F0130\source\R5T.F0130\R5T.F0130.csproj", "{3E515EAE-5EBD-4232-B1ED-9D63EBA5F61E}"
EndProject
Project("{9A19103F-16F7-4668-BE54-9A1E7A4F7556}") = "R5T.T0187", "..\..\R5T.T0187\source\R5T.T0187\R5T.T0187.csproj", "{41AD6A7E-F9E3-4C2F-BE11-48CD3550B963}"
EndProject
Project("{9A19103F-16F7-4668-BE54-9A1E7A4F7556}") = "R5T.Z0044.Z001", "..\..\R5T.Z0044\source\R5T.Z0044.Z001\R5T.Z0044.Z001.csproj", "{B9423BBC-B403-4649-AF5B-A1FC24A7EBB2}"
EndProject
Project("{9A19103F-16F7-4668-BE54-9A1E7A4F7556}") = "R5T.T0141", "..\..\R5T.T0141\source\R5T.T0141\R5T.T0141.csproj", "{0575672F-B60E-4482-9896-3A6D806F39BA}"
EndProject
Project("{9A19103F-16F7-4668-BE54-9A1E7A4F7556}") = "R5T.L0032.T000", "..\..\R5T.L0032\source\R5T.L0032.T000\R5T.L0032.T000.csproj", "{4D007650-2EE5-4B52-9078-F0661FC1638C}"
EndProject
Project("{9A19103F-16F7-4668-BE54-9A1E7A4F7556}") = "R5T.T0161", "..\..\R5T.T0161\source\R5T.T0161\R5T.T0161.csproj", "{B859113B-9A68-4A7B-8663-FB04A919116C}"
EndProject
Project("{9A19103F-16F7-4668-BE54-9A1E7A4F7556}") = "R5T.T0196", "..\..\R5T.T0196\source\R5T.T0196\R5T.T0196.csproj", "{4760F343-376E-453A-B95B-1EF7FC9A3ED9}"
EndProject
Project("{9A19103F-16F7-4668-BE54-9A1E7A4F7556}") = "R5T.T0197", "..\..\R5T.T0197\source\R5T.T0197\R5T.T0197.csproj", "{5C03370E-0891-40EB-9E17-24617EAC207A}"
EndProject
Project("{9A19103F-16F7-4668-BE54-9A1E7A4F7556}") = "R5T.Z0046", "..\..\R5T.Z0046\source\R5T.Z0046\R5T.Z0046.csproj", "{8AB18AEF-FE9F-4252-8963-2D12D11D4BF6}"
EndProject
Global
	GlobalSection(NestedProjects) = preSolution
		{170854CA-0366-4EBE-A380-2CC6A3807B96} = {A949A740-B29B-4745-BED3-FBD6CB051DA4}
		{BBF27B8C-68A2-4418-A433-4808402A68D0} = {A949A740-B29B-4745-BED3-FBD6CB051DA4}
		{A628F3D6-684F-473F-8114-1704CDB761AB} = {A949A740-B29B-4745-BED3-FBD6CB051DA4}
		{889CBDC9-B7D9-4F20-BB83-B1A96793C296} = {A949A740-B29B-4745-BED3-FBD6CB051DA4}
		{9ED5D4E7-F77E-4904-9085-D20328A1B8E6} = {A949A740-B29B-4745-BED3-FBD6CB051DA4}
		{554702EE-FE39-4922-8CE1-7C075DC89E13} = {A949A740-B29B-4745-BED3-FBD6CB051DA4}
		{79F81068-A489-41EF-B140-1E0F9C394181} = {A949A740-B29B-4745-BED3-FBD6CB051DA4}
		{71F09A28-AB35-4F84-B611-C8A6EA6EBFCC} = {A949A740-B29B-4745-BED3-FBD6CB051DA4}
		{EA34F579-FE25-4134-BB79-1D01CF5E17E4} = {A949A740-B29B-4745-BED3-FBD6CB051DA4}
		{19DD8D40-BC44-47D8-90B3-039A7C7E2316} = {A949A740-B29B-4745-BED3-FBD6CB051DA4}
		{E7A8DED8-38B5-4B1F-AF40-589028223221} = {A949A740-B29B-4745-BED3-FBD6CB051DA4}
		{E228D2CD-7DC7-4647-9B23-15D7ECBF6923} = {A949A740-B29B-4745-BED3-FBD6CB051DA4}
		{937B7CD7-72B2-4749-A39E-0704EDC7B152} = {A949A740-B29B-4745-BED3-FBD6CB051DA4}
		{B2918B5D-C497-448D-9D38-D9F9E7757EE5} = {A949A740-B29B-4745-BED3-FBD6CB051DA4}
		{3901508A-5A3F-4403-AFA1-64CAD42289D3} = {A949A740-B29B-4745-BED3-FBD6CB051DA4}
		{82E4AF10-2054-4B27-8DC4-69328704B15B} = {A949A740-B29B-4745-BED3-FBD6CB051DA4}
		{A3941239-454F-4674-82A0-89CD2BE5C0F9} = {A949A740-B29B-4745-BED3-FBD6CB051DA4}
		{0C07ACE9-537D-444C-B870-E7F7ED5C8098} = {A949A740-B29B-4745-BED3-FBD6CB051DA4}
		{480F0245-EFFE-4938-8E28-CAD614C9CC68} = {A949A740-B29B-4745-BED3-FBD6CB051DA4}
		{CB97EC96-6A87-48AE-B2DA-2936C207CBEF} = {A949A740-B29B-4745-BED3-FBD6CB051DA4}
		{DF98D9E8-F5E8-4DE3-8DBC-FB9C4FD1D2E1} = {A949A740-B29B-4745-BED3-FBD6CB051DA4}
		{0AC0A0A2-B317-415C-90F2-DA8B6E232ECA} = {A949A740-B29B-4745-BED3-FBD6CB051DA4}
		{67CEE2F3-3F1B-45D8-AC14-F39FE6E05AC4} = {A949A740-B29B-4745-BED3-FBD6CB051DA4}
		{EEF2B42F-6FDD-4700-BA0C-8FB67278884A} = {A949A740-B29B-4745-BED3-FBD6CB051DA4}
		{28F71128-EDE1-4621-ADC8-38A01015AB60} = {A949A740-B29B-4745-BED3-FBD6CB051DA4}
		{5F15A07F-2D0C-4BBD-B0E0-CD968234DC3A} = {A949A740-B29B-4745-BED3-FBD6CB051DA4}
		{215FE867-AB06-46AA-9DC7-EC74D33E9CF6} = {A949A740-B29B-4745-BED3-FBD6CB051DA4}
		{A68760D3-0E79-48BC-AB84-0DB142581634} = {A949A740-B29B-4745-BED3-FBD6CB051DA4}
		{A834D577-552B-4430-BCBD-4BB8D463D6A1} = {A949A740-B29B-4745-BED3-FBD6CB051DA4}
		{6B2014B6-C33B-4B2D-AAAF-DDD8983DE1EE} = {A949A740-B29B-4745-BED3-FBD6CB051DA4}
		{847EE689-EC77-4478-8381-EA23621DF66B} = {A949A740-B29B-4745-BED3-FBD6CB051DA4}
		{9E449F22-DD1C-495C-AB5A-602A968BBF28} = {A949A740-B29B-4745-BED3-FBD6CB051DA4}
		{D21FE48E-4F2D-4ECC-88AC-F027BF20031D} = {A949A740-B29B-4745-BED3-FBD6CB051DA4}
		{E2233BCC-FD6C-4E53-A85E-C13507F4C072} = {A949A740-B29B-4745-BED3-FBD6CB051DA4}
		{8B6CC6CB-5C19-49FD-8EDE-9BB34319C678} = {A949A740-B29B-4745-BED3-FBD6CB051DA4}
		{75F14F92-8EAA-4DAF-A33B-8A1976F0D85E} = {A949A740-B29B-4745-BED3-FBD6CB051DA4}
		{A1FE94C6-7AFF-4DA3-9B45-1542917DE631} = {A949A740-B29B-4745-BED3-FBD6CB051DA4}
		{09B90172-9288-4E39-B419-0B93A790AF57} = {A949A740-B29B-4745-BED3-FBD6CB051DA4}
		{3962DA33-9D07-41E6-8BC9-63826832EF28} = {A949A740-B29B-4745-BED3-FBD6CB051DA4}
		{BA8CB711-0F44-4BE5-B07D-CF22B72C9444} = {A949A740-B29B-4745-BED3-FBD6CB051DA4}
		{8B0380B6-DD92-443E-BB73-3E8EE34B9FBE} = {A949A740-B29B-4745-BED3-FBD6CB051DA4}
		{05AEC581-ED21-409B-9D38-3B67F953161E} = {A949A740-B29B-4745-BED3-FBD6CB051DA4}
		{184D209F-3A19-4B01-9C08-8000BFB71419} = {A949A740-B29B-4745-BED3-FBD6CB051DA4}
		{B345CD74-39A4-4FCC-BA5B-2FA8ED306027} = {A949A740-B29B-4745-BED3-FBD6CB051DA4}
		{92DDBC66-179A-4D1F-AAAC-36A986C7120C} = {A949A740-B29B-4745-BED3-FBD6CB051DA4}
		{C6F54D70-E87B-4DE1-B0D9-A746576D95CB} = {A949A740-B29B-4745-BED3-FBD6CB051DA4}
		{4943A88F-8BE0-4305-B5B7-3F697C891F5A} = {A949A740-B29B-4745-BED3-FBD6CB051DA4}
		{50D37067-AF71-426B-94B9-121E8FD9AD98} = {A949A740-B29B-4745-BED3-FBD6CB051DA4}
		{60190660-B78B-403E-810F-2207D4BF3738} = {A949A740-B29B-4745-BED3-FBD6CB051DA4}
		{D42BE188-EF40-45C8-8DE4-DA7CC1046333} = {A949A740-B29B-4745-BED3-FBD6CB051DA4}
		{6764A635-66A7-4DA7-8F44-0821129DA346} = {A949A740-B29B-4745-BED3-FBD6CB051DA4}
		{BD8987FD-73B5-4922-8ED2-D2CC4143E75A} = {A949A740-B29B-4745-BED3-FBD6CB051DA4}
		{E180D711-7B61-4BD5-9304-0FAF0D902C4D} = {A949A740-B29B-4745-BED3-FBD6CB051DA4}
		{D2C89420-8F93-4F36-B4F3-E4EDAFCC745B} = {A949A740-B29B-4745-BED3-FBD6CB051DA4}
		{21AE9744-4C96-4A2B-BD6E-4F6E8AAA5060} = {A949A740-B29B-4745-BED3-FBD6CB051DA4}
		{1AFBB92E-21EE-424C-BB1D-2FC4A161C24D} = {A949A740-B29B-4745-BED3-FBD6CB051DA4}
		{190669A3-9A0B-4E55-B34E-CE3B2B4DAC68} = {A949A740-B29B-4745-BED3-FBD6CB051DA4}
		{DC5FB136-D46F-485D-B72F-7380EE784D3C} = {A949A740-B29B-4745-BED3-FBD6CB051DA4}
		{B7803703-E519-4530-A00C-9D5B76B0D5EA} = {A949A740-B29B-4745-BED3-FBD6CB051DA4}
		{AF2EDC23-EAA6-4DD3-A420-05CB707EC8C6} = {A949A740-B29B-4745-BED3-FBD6CB051DA4}
		{E859B170-1D3E-4BA5-81A5-16D4057AE816} = {A949A740-B29B-4745-BED3-FBD6CB051DA4}
		{73D1ED70-3C24-4D7E-AFB6-B0FA311DD470} = {A949A740-B29B-4745-BED3-FBD6CB051DA4}
		{3E515EAE-5EBD-4232-B1ED-9D63EBA5F61E} = {A949A740-B29B-4745-BED3-FBD6CB051DA4}
		{41AD6A7E-F9E3-4C2F-BE11-48CD3550B963} = {A949A740-B29B-4745-BED3-FBD6CB051DA4}
		{B9423BBC-B403-4649-AF5B-A1FC24A7EBB2} = {A949A740-B29B-4745-BED3-FBD6CB051DA4}
		{0575672F-B60E-4482-9896-3A6D806F39BA} = {A949A740-B29B-4745-BED3-FBD6CB051DA4}
		{4D007650-2EE5-4B52-9078-F0661FC1638C} = {A949A740-B29B-4745-BED3-FBD6CB051DA4}
		{B859113B-9A68-4A7B-8663-FB04A919116C} = {A949A740-B29B-4745-BED3-FBD6CB051DA4}
		{4760F343-376E-453A-B95B-1EF7FC9A3ED9} = {A949A740-B29B-4745-BED3-FBD6CB051DA4}
		{5C03370E-0891-40EB-9E17-24617EAC207A} = {A949A740-B29B-4745-BED3-FBD6CB051DA4}
		{8AB18AEF-FE9F-4252-8963-2D12D11D4BF6} = {A949A740-B29B-4745-BED3-FBD6CB051DA4}
	EndGlobalSection
	GlobalSection(SolutionConfigurationPlatforms) = preSolution
		Debug|Any CPU = Debug|Any CPU
		Release|Any CPU = Release|Any CPU
	EndGlobalSection
	GlobalSection(ProjectConfigurationPlatforms) = postSolution
		{60F5DECD-B20F-418D-8020-DBB3143D6080}.Debug|Any CPU.ActiveCfg = Debug|Any CPU
		{60F5DECD-B20F-418D-8020-DBB3143D6080}.Debug|Any CPU.Build.0 = Debug|Any CPU
		{60F5DECD-B20F-418D-8020-DBB3143D6080}.Release|Any CPU.ActiveCfg = Release|Any CPU
		{60F5DECD-B20F-418D-8020-DBB3143D6080}.Release|Any CPU.Build.0 = Release|Any CPU
		{59102A3F-D2BF-4AF9-B4D4-CBA2EF5FC444}.Debug|Any CPU.ActiveCfg = Debug|Any CPU
		{59102A3F-D2BF-4AF9-B4D4-CBA2EF5FC444}.Debug|Any CPU.Build.0 = Debug|Any CPU
		{59102A3F-D2BF-4AF9-B4D4-CBA2EF5FC444}.Release|Any CPU.ActiveCfg = Release|Any CPU
		{59102A3F-D2BF-4AF9-B4D4-CBA2EF5FC444}.Release|Any CPU.Build.0 = Release|Any CPU
		{170854CA-0366-4EBE-A380-2CC6A3807B96}.Debug|Any CPU.ActiveCfg = Debug|Any CPU
		{170854CA-0366-4EBE-A380-2CC6A3807B96}.Debug|Any CPU.Build.0 = Debug|Any CPU
		{170854CA-0366-4EBE-A380-2CC6A3807B96}.Release|Any CPU.ActiveCfg = Release|Any CPU
		{170854CA-0366-4EBE-A380-2CC6A3807B96}.Release|Any CPU.Build.0 = Release|Any CPU
		{BBF27B8C-68A2-4418-A433-4808402A68D0}.Debug|Any CPU.ActiveCfg = Debug|Any CPU
		{BBF27B8C-68A2-4418-A433-4808402A68D0}.Debug|Any CPU.Build.0 = Debug|Any CPU
		{BBF27B8C-68A2-4418-A433-4808402A68D0}.Release|Any CPU.ActiveCfg = Release|Any CPU
		{BBF27B8C-68A2-4418-A433-4808402A68D0}.Release|Any CPU.Build.0 = Release|Any CPU
		{A628F3D6-684F-473F-8114-1704CDB761AB}.Debug|Any CPU.ActiveCfg = Debug|Any CPU
		{A628F3D6-684F-473F-8114-1704CDB761AB}.Debug|Any CPU.Build.0 = Debug|Any CPU
		{A628F3D6-684F-473F-8114-1704CDB761AB}.Release|Any CPU.ActiveCfg = Release|Any CPU
		{A628F3D6-684F-473F-8114-1704CDB761AB}.Release|Any CPU.Build.0 = Release|Any CPU
		{889CBDC9-B7D9-4F20-BB83-B1A96793C296}.Debug|Any CPU.ActiveCfg = Debug|Any CPU
		{889CBDC9-B7D9-4F20-BB83-B1A96793C296}.Debug|Any CPU.Build.0 = Debug|Any CPU
		{889CBDC9-B7D9-4F20-BB83-B1A96793C296}.Release|Any CPU.ActiveCfg = Release|Any CPU
		{889CBDC9-B7D9-4F20-BB83-B1A96793C296}.Release|Any CPU.Build.0 = Release|Any CPU
		{9ED5D4E7-F77E-4904-9085-D20328A1B8E6}.Debug|Any CPU.ActiveCfg = Debug|Any CPU
		{9ED5D4E7-F77E-4904-9085-D20328A1B8E6}.Debug|Any CPU.Build.0 = Debug|Any CPU
		{9ED5D4E7-F77E-4904-9085-D20328A1B8E6}.Release|Any CPU.ActiveCfg = Release|Any CPU
		{9ED5D4E7-F77E-4904-9085-D20328A1B8E6}.Release|Any CPU.Build.0 = Release|Any CPU
		{554702EE-FE39-4922-8CE1-7C075DC89E13}.Debug|Any CPU.ActiveCfg = Debug|Any CPU
		{554702EE-FE39-4922-8CE1-7C075DC89E13}.Debug|Any CPU.Build.0 = Debug|Any CPU
		{554702EE-FE39-4922-8CE1-7C075DC89E13}.Release|Any CPU.ActiveCfg = Release|Any CPU
		{554702EE-FE39-4922-8CE1-7C075DC89E13}.Release|Any CPU.Build.0 = Release|Any CPU
		{79F81068-A489-41EF-B140-1E0F9C394181}.Debug|Any CPU.ActiveCfg = Debug|Any CPU
		{79F81068-A489-41EF-B140-1E0F9C394181}.Debug|Any CPU.Build.0 = Debug|Any CPU
		{79F81068-A489-41EF-B140-1E0F9C394181}.Release|Any CPU.ActiveCfg = Release|Any CPU
		{79F81068-A489-41EF-B140-1E0F9C394181}.Release|Any CPU.Build.0 = Release|Any CPU
		{71F09A28-AB35-4F84-B611-C8A6EA6EBFCC}.Debug|Any CPU.ActiveCfg = Debug|Any CPU
		{71F09A28-AB35-4F84-B611-C8A6EA6EBFCC}.Debug|Any CPU.Build.0 = Debug|Any CPU
		{71F09A28-AB35-4F84-B611-C8A6EA6EBFCC}.Release|Any CPU.ActiveCfg = Release|Any CPU
		{71F09A28-AB35-4F84-B611-C8A6EA6EBFCC}.Release|Any CPU.Build.0 = Release|Any CPU
		{EA34F579-FE25-4134-BB79-1D01CF5E17E4}.Debug|Any CPU.ActiveCfg = Debug|Any CPU
		{EA34F579-FE25-4134-BB79-1D01CF5E17E4}.Debug|Any CPU.Build.0 = Debug|Any CPU
		{EA34F579-FE25-4134-BB79-1D01CF5E17E4}.Release|Any CPU.ActiveCfg = Release|Any CPU
		{EA34F579-FE25-4134-BB79-1D01CF5E17E4}.Release|Any CPU.Build.0 = Release|Any CPU
		{19DD8D40-BC44-47D8-90B3-039A7C7E2316}.Debug|Any CPU.ActiveCfg = Debug|Any CPU
		{19DD8D40-BC44-47D8-90B3-039A7C7E2316}.Debug|Any CPU.Build.0 = Debug|Any CPU
		{19DD8D40-BC44-47D8-90B3-039A7C7E2316}.Release|Any CPU.ActiveCfg = Release|Any CPU
		{19DD8D40-BC44-47D8-90B3-039A7C7E2316}.Release|Any CPU.Build.0 = Release|Any CPU
		{E7A8DED8-38B5-4B1F-AF40-589028223221}.Debug|Any CPU.ActiveCfg = Debug|Any CPU
		{E7A8DED8-38B5-4B1F-AF40-589028223221}.Debug|Any CPU.Build.0 = Debug|Any CPU
		{E7A8DED8-38B5-4B1F-AF40-589028223221}.Release|Any CPU.ActiveCfg = Release|Any CPU
		{E7A8DED8-38B5-4B1F-AF40-589028223221}.Release|Any CPU.Build.0 = Release|Any CPU
		{E228D2CD-7DC7-4647-9B23-15D7ECBF6923}.Debug|Any CPU.ActiveCfg = Debug|Any CPU
		{E228D2CD-7DC7-4647-9B23-15D7ECBF6923}.Debug|Any CPU.Build.0 = Debug|Any CPU
		{E228D2CD-7DC7-4647-9B23-15D7ECBF6923}.Release|Any CPU.ActiveCfg = Release|Any CPU
		{E228D2CD-7DC7-4647-9B23-15D7ECBF6923}.Release|Any CPU.Build.0 = Release|Any CPU
		{937B7CD7-72B2-4749-A39E-0704EDC7B152}.Debug|Any CPU.ActiveCfg = Debug|Any CPU
		{937B7CD7-72B2-4749-A39E-0704EDC7B152}.Debug|Any CPU.Build.0 = Debug|Any CPU
		{937B7CD7-72B2-4749-A39E-0704EDC7B152}.Release|Any CPU.ActiveCfg = Release|Any CPU
		{937B7CD7-72B2-4749-A39E-0704EDC7B152}.Release|Any CPU.Build.0 = Release|Any CPU
		{B2918B5D-C497-448D-9D38-D9F9E7757EE5}.Debug|Any CPU.ActiveCfg = Debug|Any CPU
		{B2918B5D-C497-448D-9D38-D9F9E7757EE5}.Debug|Any CPU.Build.0 = Debug|Any CPU
		{B2918B5D-C497-448D-9D38-D9F9E7757EE5}.Release|Any CPU.ActiveCfg = Release|Any CPU
		{B2918B5D-C497-448D-9D38-D9F9E7757EE5}.Release|Any CPU.Build.0 = Release|Any CPU
		{3901508A-5A3F-4403-AFA1-64CAD42289D3}.Debug|Any CPU.ActiveCfg = Debug|Any CPU
		{3901508A-5A3F-4403-AFA1-64CAD42289D3}.Debug|Any CPU.Build.0 = Debug|Any CPU
		{3901508A-5A3F-4403-AFA1-64CAD42289D3}.Release|Any CPU.ActiveCfg = Release|Any CPU
		{3901508A-5A3F-4403-AFA1-64CAD42289D3}.Release|Any CPU.Build.0 = Release|Any CPU
		{82E4AF10-2054-4B27-8DC4-69328704B15B}.Debug|Any CPU.ActiveCfg = Debug|Any CPU
		{82E4AF10-2054-4B27-8DC4-69328704B15B}.Debug|Any CPU.Build.0 = Debug|Any CPU
		{82E4AF10-2054-4B27-8DC4-69328704B15B}.Release|Any CPU.ActiveCfg = Release|Any CPU
		{82E4AF10-2054-4B27-8DC4-69328704B15B}.Release|Any CPU.Build.0 = Release|Any CPU
		{A3941239-454F-4674-82A0-89CD2BE5C0F9}.Debug|Any CPU.ActiveCfg = Debug|Any CPU
		{A3941239-454F-4674-82A0-89CD2BE5C0F9}.Debug|Any CPU.Build.0 = Debug|Any CPU
		{A3941239-454F-4674-82A0-89CD2BE5C0F9}.Release|Any CPU.ActiveCfg = Release|Any CPU
		{A3941239-454F-4674-82A0-89CD2BE5C0F9}.Release|Any CPU.Build.0 = Release|Any CPU
		{0C07ACE9-537D-444C-B870-E7F7ED5C8098}.Debug|Any CPU.ActiveCfg = Debug|Any CPU
		{0C07ACE9-537D-444C-B870-E7F7ED5C8098}.Debug|Any CPU.Build.0 = Debug|Any CPU
		{0C07ACE9-537D-444C-B870-E7F7ED5C8098}.Release|Any CPU.ActiveCfg = Release|Any CPU
		{0C07ACE9-537D-444C-B870-E7F7ED5C8098}.Release|Any CPU.Build.0 = Release|Any CPU
		{480F0245-EFFE-4938-8E28-CAD614C9CC68}.Debug|Any CPU.ActiveCfg = Debug|Any CPU
		{480F0245-EFFE-4938-8E28-CAD614C9CC68}.Debug|Any CPU.Build.0 = Debug|Any CPU
		{480F0245-EFFE-4938-8E28-CAD614C9CC68}.Release|Any CPU.ActiveCfg = Release|Any CPU
		{480F0245-EFFE-4938-8E28-CAD614C9CC68}.Release|Any CPU.Build.0 = Release|Any CPU
		{CB97EC96-6A87-48AE-B2DA-2936C207CBEF}.Debug|Any CPU.ActiveCfg = Debug|Any CPU
		{CB97EC96-6A87-48AE-B2DA-2936C207CBEF}.Debug|Any CPU.Build.0 = Debug|Any CPU
		{CB97EC96-6A87-48AE-B2DA-2936C207CBEF}.Release|Any CPU.ActiveCfg = Release|Any CPU
		{CB97EC96-6A87-48AE-B2DA-2936C207CBEF}.Release|Any CPU.Build.0 = Release|Any CPU
		{DF98D9E8-F5E8-4DE3-8DBC-FB9C4FD1D2E1}.Debug|Any CPU.ActiveCfg = Debug|Any CPU
		{DF98D9E8-F5E8-4DE3-8DBC-FB9C4FD1D2E1}.Debug|Any CPU.Build.0 = Debug|Any CPU
		{DF98D9E8-F5E8-4DE3-8DBC-FB9C4FD1D2E1}.Release|Any CPU.ActiveCfg = Release|Any CPU
		{DF98D9E8-F5E8-4DE3-8DBC-FB9C4FD1D2E1}.Release|Any CPU.Build.0 = Release|Any CPU
		{0AC0A0A2-B317-415C-90F2-DA8B6E232ECA}.Debug|Any CPU.ActiveCfg = Debug|Any CPU
		{0AC0A0A2-B317-415C-90F2-DA8B6E232ECA}.Debug|Any CPU.Build.0 = Debug|Any CPU
		{0AC0A0A2-B317-415C-90F2-DA8B6E232ECA}.Release|Any CPU.ActiveCfg = Release|Any CPU
		{0AC0A0A2-B317-415C-90F2-DA8B6E232ECA}.Release|Any CPU.Build.0 = Release|Any CPU
		{67CEE2F3-3F1B-45D8-AC14-F39FE6E05AC4}.Debug|Any CPU.ActiveCfg = Debug|Any CPU
		{67CEE2F3-3F1B-45D8-AC14-F39FE6E05AC4}.Debug|Any CPU.Build.0 = Debug|Any CPU
		{67CEE2F3-3F1B-45D8-AC14-F39FE6E05AC4}.Release|Any CPU.ActiveCfg = Release|Any CPU
		{67CEE2F3-3F1B-45D8-AC14-F39FE6E05AC4}.Release|Any CPU.Build.0 = Release|Any CPU
		{EEF2B42F-6FDD-4700-BA0C-8FB67278884A}.Debug|Any CPU.ActiveCfg = Debug|Any CPU
		{EEF2B42F-6FDD-4700-BA0C-8FB67278884A}.Debug|Any CPU.Build.0 = Debug|Any CPU
		{EEF2B42F-6FDD-4700-BA0C-8FB67278884A}.Release|Any CPU.ActiveCfg = Release|Any CPU
		{EEF2B42F-6FDD-4700-BA0C-8FB67278884A}.Release|Any CPU.Build.0 = Release|Any CPU
		{28F71128-EDE1-4621-ADC8-38A01015AB60}.Debug|Any CPU.ActiveCfg = Debug|Any CPU
		{28F71128-EDE1-4621-ADC8-38A01015AB60}.Debug|Any CPU.Build.0 = Debug|Any CPU
		{28F71128-EDE1-4621-ADC8-38A01015AB60}.Release|Any CPU.ActiveCfg = Release|Any CPU
		{28F71128-EDE1-4621-ADC8-38A01015AB60}.Release|Any CPU.Build.0 = Release|Any CPU
		{5F15A07F-2D0C-4BBD-B0E0-CD968234DC3A}.Debug|Any CPU.ActiveCfg = Debug|Any CPU
		{5F15A07F-2D0C-4BBD-B0E0-CD968234DC3A}.Debug|Any CPU.Build.0 = Debug|Any CPU
		{5F15A07F-2D0C-4BBD-B0E0-CD968234DC3A}.Release|Any CPU.ActiveCfg = Release|Any CPU
		{5F15A07F-2D0C-4BBD-B0E0-CD968234DC3A}.Release|Any CPU.Build.0 = Release|Any CPU
		{215FE867-AB06-46AA-9DC7-EC74D33E9CF6}.Debug|Any CPU.ActiveCfg = Debug|Any CPU
		{215FE867-AB06-46AA-9DC7-EC74D33E9CF6}.Debug|Any CPU.Build.0 = Debug|Any CPU
		{215FE867-AB06-46AA-9DC7-EC74D33E9CF6}.Release|Any CPU.ActiveCfg = Release|Any CPU
		{215FE867-AB06-46AA-9DC7-EC74D33E9CF6}.Release|Any CPU.Build.0 = Release|Any CPU
		{A68760D3-0E79-48BC-AB84-0DB142581634}.Debug|Any CPU.ActiveCfg = Debug|Any CPU
		{A68760D3-0E79-48BC-AB84-0DB142581634}.Debug|Any CPU.Build.0 = Debug|Any CPU
		{A68760D3-0E79-48BC-AB84-0DB142581634}.Release|Any CPU.ActiveCfg = Release|Any CPU
		{A68760D3-0E79-48BC-AB84-0DB142581634}.Release|Any CPU.Build.0 = Release|Any CPU
		{A834D577-552B-4430-BCBD-4BB8D463D6A1}.Debug|Any CPU.ActiveCfg = Debug|Any CPU
		{A834D577-552B-4430-BCBD-4BB8D463D6A1}.Debug|Any CPU.Build.0 = Debug|Any CPU
		{A834D577-552B-4430-BCBD-4BB8D463D6A1}.Release|Any CPU.ActiveCfg = Release|Any CPU
		{A834D577-552B-4430-BCBD-4BB8D463D6A1}.Release|Any CPU.Build.0 = Release|Any CPU
		{6B2014B6-C33B-4B2D-AAAF-DDD8983DE1EE}.Debug|Any CPU.ActiveCfg = Debug|Any CPU
		{6B2014B6-C33B-4B2D-AAAF-DDD8983DE1EE}.Debug|Any CPU.Build.0 = Debug|Any CPU
		{6B2014B6-C33B-4B2D-AAAF-DDD8983DE1EE}.Release|Any CPU.ActiveCfg = Release|Any CPU
		{6B2014B6-C33B-4B2D-AAAF-DDD8983DE1EE}.Release|Any CPU.Build.0 = Release|Any CPU
		{847EE689-EC77-4478-8381-EA23621DF66B}.Debug|Any CPU.ActiveCfg = Debug|Any CPU
		{847EE689-EC77-4478-8381-EA23621DF66B}.Debug|Any CPU.Build.0 = Debug|Any CPU
		{847EE689-EC77-4478-8381-EA23621DF66B}.Release|Any CPU.ActiveCfg = Release|Any CPU
		{847EE689-EC77-4478-8381-EA23621DF66B}.Release|Any CPU.Build.0 = Release|Any CPU
		{9E449F22-DD1C-495C-AB5A-602A968BBF28}.Debug|Any CPU.ActiveCfg = Debug|Any CPU
		{9E449F22-DD1C-495C-AB5A-602A968BBF28}.Debug|Any CPU.Build.0 = Debug|Any CPU
		{9E449F22-DD1C-495C-AB5A-602A968BBF28}.Release|Any CPU.ActiveCfg = Release|Any CPU
		{9E449F22-DD1C-495C-AB5A-602A968BBF28}.Release|Any CPU.Build.0 = Release|Any CPU
		{D21FE48E-4F2D-4ECC-88AC-F027BF20031D}.Debug|Any CPU.ActiveCfg = Debug|Any CPU
		{D21FE48E-4F2D-4ECC-88AC-F027BF20031D}.Debug|Any CPU.Build.0 = Debug|Any CPU
		{D21FE48E-4F2D-4ECC-88AC-F027BF20031D}.Release|Any CPU.ActiveCfg = Release|Any CPU
		{D21FE48E-4F2D-4ECC-88AC-F027BF20031D}.Release|Any CPU.Build.0 = Release|Any CPU
		{E2233BCC-FD6C-4E53-A85E-C13507F4C072}.Debug|Any CPU.ActiveCfg = Debug|Any CPU
		{E2233BCC-FD6C-4E53-A85E-C13507F4C072}.Debug|Any CPU.Build.0 = Debug|Any CPU
		{E2233BCC-FD6C-4E53-A85E-C13507F4C072}.Release|Any CPU.ActiveCfg = Release|Any CPU
		{E2233BCC-FD6C-4E53-A85E-C13507F4C072}.Release|Any CPU.Build.0 = Release|Any CPU
		{8B6CC6CB-5C19-49FD-8EDE-9BB34319C678}.Debug|Any CPU.ActiveCfg = Debug|Any CPU
		{8B6CC6CB-5C19-49FD-8EDE-9BB34319C678}.Debug|Any CPU.Build.0 = Debug|Any CPU
		{8B6CC6CB-5C19-49FD-8EDE-9BB34319C678}.Release|Any CPU.ActiveCfg = Release|Any CPU
		{8B6CC6CB-5C19-49FD-8EDE-9BB34319C678}.Release|Any CPU.Build.0 = Release|Any CPU
		{75F14F92-8EAA-4DAF-A33B-8A1976F0D85E}.Debug|Any CPU.ActiveCfg = Debug|Any CPU
		{75F14F92-8EAA-4DAF-A33B-8A1976F0D85E}.Debug|Any CPU.Build.0 = Debug|Any CPU
		{75F14F92-8EAA-4DAF-A33B-8A1976F0D85E}.Release|Any CPU.ActiveCfg = Release|Any CPU
		{75F14F92-8EAA-4DAF-A33B-8A1976F0D85E}.Release|Any CPU.Build.0 = Release|Any CPU
		{A1FE94C6-7AFF-4DA3-9B45-1542917DE631}.Debug|Any CPU.ActiveCfg = Debug|Any CPU
		{A1FE94C6-7AFF-4DA3-9B45-1542917DE631}.Debug|Any CPU.Build.0 = Debug|Any CPU
		{A1FE94C6-7AFF-4DA3-9B45-1542917DE631}.Release|Any CPU.ActiveCfg = Release|Any CPU
		{A1FE94C6-7AFF-4DA3-9B45-1542917DE631}.Release|Any CPU.Build.0 = Release|Any CPU
		{09B90172-9288-4E39-B419-0B93A790AF57}.Debug|Any CPU.ActiveCfg = Debug|Any CPU
		{09B90172-9288-4E39-B419-0B93A790AF57}.Debug|Any CPU.Build.0 = Debug|Any CPU
		{09B90172-9288-4E39-B419-0B93A790AF57}.Release|Any CPU.ActiveCfg = Release|Any CPU
		{09B90172-9288-4E39-B419-0B93A790AF57}.Release|Any CPU.Build.0 = Release|Any CPU
		{3962DA33-9D07-41E6-8BC9-63826832EF28}.Debug|Any CPU.ActiveCfg = Debug|Any CPU
		{3962DA33-9D07-41E6-8BC9-63826832EF28}.Debug|Any CPU.Build.0 = Debug|Any CPU
		{3962DA33-9D07-41E6-8BC9-63826832EF28}.Release|Any CPU.ActiveCfg = Release|Any CPU
		{3962DA33-9D07-41E6-8BC9-63826832EF28}.Release|Any CPU.Build.0 = Release|Any CPU
		{BA8CB711-0F44-4BE5-B07D-CF22B72C9444}.Debug|Any CPU.ActiveCfg = Debug|Any CPU
		{BA8CB711-0F44-4BE5-B07D-CF22B72C9444}.Debug|Any CPU.Build.0 = Debug|Any CPU
		{BA8CB711-0F44-4BE5-B07D-CF22B72C9444}.Release|Any CPU.ActiveCfg = Release|Any CPU
		{BA8CB711-0F44-4BE5-B07D-CF22B72C9444}.Release|Any CPU.Build.0 = Release|Any CPU
		{8B0380B6-DD92-443E-BB73-3E8EE34B9FBE}.Debug|Any CPU.ActiveCfg = Debug|Any CPU
		{8B0380B6-DD92-443E-BB73-3E8EE34B9FBE}.Debug|Any CPU.Build.0 = Debug|Any CPU
		{8B0380B6-DD92-443E-BB73-3E8EE34B9FBE}.Release|Any CPU.ActiveCfg = Release|Any CPU
		{8B0380B6-DD92-443E-BB73-3E8EE34B9FBE}.Release|Any CPU.Build.0 = Release|Any CPU
		{05AEC581-ED21-409B-9D38-3B67F953161E}.Debug|Any CPU.ActiveCfg = Debug|Any CPU
		{05AEC581-ED21-409B-9D38-3B67F953161E}.Debug|Any CPU.Build.0 = Debug|Any CPU
		{05AEC581-ED21-409B-9D38-3B67F953161E}.Release|Any CPU.ActiveCfg = Release|Any CPU
		{05AEC581-ED21-409B-9D38-3B67F953161E}.Release|Any CPU.Build.0 = Release|Any CPU
		{184D209F-3A19-4B01-9C08-8000BFB71419}.Debug|Any CPU.ActiveCfg = Debug|Any CPU
		{184D209F-3A19-4B01-9C08-8000BFB71419}.Debug|Any CPU.Build.0 = Debug|Any CPU
		{184D209F-3A19-4B01-9C08-8000BFB71419}.Release|Any CPU.ActiveCfg = Release|Any CPU
		{184D209F-3A19-4B01-9C08-8000BFB71419}.Release|Any CPU.Build.0 = Release|Any CPU
		{B345CD74-39A4-4FCC-BA5B-2FA8ED306027}.Debug|Any CPU.ActiveCfg = Debug|Any CPU
		{B345CD74-39A4-4FCC-BA5B-2FA8ED306027}.Debug|Any CPU.Build.0 = Debug|Any CPU
		{B345CD74-39A4-4FCC-BA5B-2FA8ED306027}.Release|Any CPU.ActiveCfg = Release|Any CPU
		{B345CD74-39A4-4FCC-BA5B-2FA8ED306027}.Release|Any CPU.Build.0 = Release|Any CPU
		{92DDBC66-179A-4D1F-AAAC-36A986C7120C}.Debug|Any CPU.ActiveCfg = Debug|Any CPU
		{92DDBC66-179A-4D1F-AAAC-36A986C7120C}.Debug|Any CPU.Build.0 = Debug|Any CPU
		{92DDBC66-179A-4D1F-AAAC-36A986C7120C}.Release|Any CPU.ActiveCfg = Release|Any CPU
		{92DDBC66-179A-4D1F-AAAC-36A986C7120C}.Release|Any CPU.Build.0 = Release|Any CPU
		{C6F54D70-E87B-4DE1-B0D9-A746576D95CB}.Debug|Any CPU.ActiveCfg = Debug|Any CPU
		{C6F54D70-E87B-4DE1-B0D9-A746576D95CB}.Debug|Any CPU.Build.0 = Debug|Any CPU
		{C6F54D70-E87B-4DE1-B0D9-A746576D95CB}.Release|Any CPU.ActiveCfg = Release|Any CPU
		{C6F54D70-E87B-4DE1-B0D9-A746576D95CB}.Release|Any CPU.Build.0 = Release|Any CPU
		{4943A88F-8BE0-4305-B5B7-3F697C891F5A}.Debug|Any CPU.ActiveCfg = Debug|Any CPU
		{4943A88F-8BE0-4305-B5B7-3F697C891F5A}.Debug|Any CPU.Build.0 = Debug|Any CPU
		{4943A88F-8BE0-4305-B5B7-3F697C891F5A}.Release|Any CPU.ActiveCfg = Release|Any CPU
		{4943A88F-8BE0-4305-B5B7-3F697C891F5A}.Release|Any CPU.Build.0 = Release|Any CPU
		{50D37067-AF71-426B-94B9-121E8FD9AD98}.Debug|Any CPU.ActiveCfg = Debug|Any CPU
		{50D37067-AF71-426B-94B9-121E8FD9AD98}.Debug|Any CPU.Build.0 = Debug|Any CPU
		{50D37067-AF71-426B-94B9-121E8FD9AD98}.Release|Any CPU.ActiveCfg = Release|Any CPU
		{50D37067-AF71-426B-94B9-121E8FD9AD98}.Release|Any CPU.Build.0 = Release|Any CPU
		{60190660-B78B-403E-810F-2207D4BF3738}.Debug|Any CPU.ActiveCfg = Debug|Any CPU
		{60190660-B78B-403E-810F-2207D4BF3738}.Debug|Any CPU.Build.0 = Debug|Any CPU
		{60190660-B78B-403E-810F-2207D4BF3738}.Release|Any CPU.ActiveCfg = Release|Any CPU
		{60190660-B78B-403E-810F-2207D4BF3738}.Release|Any CPU.Build.0 = Release|Any CPU
		{D42BE188-EF40-45C8-8DE4-DA7CC1046333}.Debug|Any CPU.ActiveCfg = Debug|Any CPU
		{D42BE188-EF40-45C8-8DE4-DA7CC1046333}.Debug|Any CPU.Build.0 = Debug|Any CPU
		{D42BE188-EF40-45C8-8DE4-DA7CC1046333}.Release|Any CPU.ActiveCfg = Release|Any CPU
		{D42BE188-EF40-45C8-8DE4-DA7CC1046333}.Release|Any CPU.Build.0 = Release|Any CPU
		{6764A635-66A7-4DA7-8F44-0821129DA346}.Debug|Any CPU.ActiveCfg = Debug|Any CPU
		{6764A635-66A7-4DA7-8F44-0821129DA346}.Debug|Any CPU.Build.0 = Debug|Any CPU
		{6764A635-66A7-4DA7-8F44-0821129DA346}.Release|Any CPU.ActiveCfg = Release|Any CPU
		{6764A635-66A7-4DA7-8F44-0821129DA346}.Release|Any CPU.Build.0 = Release|Any CPU
		{BD8987FD-73B5-4922-8ED2-D2CC4143E75A}.Debug|Any CPU.ActiveCfg = Debug|Any CPU
		{BD8987FD-73B5-4922-8ED2-D2CC4143E75A}.Debug|Any CPU.Build.0 = Debug|Any CPU
		{BD8987FD-73B5-4922-8ED2-D2CC4143E75A}.Release|Any CPU.ActiveCfg = Release|Any CPU
		{BD8987FD-73B5-4922-8ED2-D2CC4143E75A}.Release|Any CPU.Build.0 = Release|Any CPU
		{E180D711-7B61-4BD5-9304-0FAF0D902C4D}.Debug|Any CPU.ActiveCfg = Debug|Any CPU
		{E180D711-7B61-4BD5-9304-0FAF0D902C4D}.Debug|Any CPU.Build.0 = Debug|Any CPU
		{E180D711-7B61-4BD5-9304-0FAF0D902C4D}.Release|Any CPU.ActiveCfg = Release|Any CPU
		{E180D711-7B61-4BD5-9304-0FAF0D902C4D}.Release|Any CPU.Build.0 = Release|Any CPU
		{D2C89420-8F93-4F36-B4F3-E4EDAFCC745B}.Debug|Any CPU.ActiveCfg = Debug|Any CPU
		{D2C89420-8F93-4F36-B4F3-E4EDAFCC745B}.Debug|Any CPU.Build.0 = Debug|Any CPU
		{D2C89420-8F93-4F36-B4F3-E4EDAFCC745B}.Release|Any CPU.ActiveCfg = Release|Any CPU
		{D2C89420-8F93-4F36-B4F3-E4EDAFCC745B}.Release|Any CPU.Build.0 = Release|Any CPU
		{21AE9744-4C96-4A2B-BD6E-4F6E8AAA5060}.Debug|Any CPU.ActiveCfg = Debug|Any CPU
		{21AE9744-4C96-4A2B-BD6E-4F6E8AAA5060}.Debug|Any CPU.Build.0 = Debug|Any CPU
		{21AE9744-4C96-4A2B-BD6E-4F6E8AAA5060}.Release|Any CPU.ActiveCfg = Release|Any CPU
		{21AE9744-4C96-4A2B-BD6E-4F6E8AAA5060}.Release|Any CPU.Build.0 = Release|Any CPU
		{1AFBB92E-21EE-424C-BB1D-2FC4A161C24D}.Debug|Any CPU.ActiveCfg = Debug|Any CPU
		{1AFBB92E-21EE-424C-BB1D-2FC4A161C24D}.Debug|Any CPU.Build.0 = Debug|Any CPU
		{1AFBB92E-21EE-424C-BB1D-2FC4A161C24D}.Release|Any CPU.ActiveCfg = Release|Any CPU
		{1AFBB92E-21EE-424C-BB1D-2FC4A161C24D}.Release|Any CPU.Build.0 = Release|Any CPU
		{190669A3-9A0B-4E55-B34E-CE3B2B4DAC68}.Debug|Any CPU.ActiveCfg = Debug|Any CPU
		{190669A3-9A0B-4E55-B34E-CE3B2B4DAC68}.Debug|Any CPU.Build.0 = Debug|Any CPU
		{190669A3-9A0B-4E55-B34E-CE3B2B4DAC68}.Release|Any CPU.ActiveCfg = Release|Any CPU
		{190669A3-9A0B-4E55-B34E-CE3B2B4DAC68}.Release|Any CPU.Build.0 = Release|Any CPU
		{DC5FB136-D46F-485D-B72F-7380EE784D3C}.Debug|Any CPU.ActiveCfg = Debug|Any CPU
		{DC5FB136-D46F-485D-B72F-7380EE784D3C}.Debug|Any CPU.Build.0 = Debug|Any CPU
		{DC5FB136-D46F-485D-B72F-7380EE784D3C}.Release|Any CPU.ActiveCfg = Release|Any CPU
		{DC5FB136-D46F-485D-B72F-7380EE784D3C}.Release|Any CPU.Build.0 = Release|Any CPU
		{B7803703-E519-4530-A00C-9D5B76B0D5EA}.Debug|Any CPU.ActiveCfg = Debug|Any CPU
		{B7803703-E519-4530-A00C-9D5B76B0D5EA}.Debug|Any CPU.Build.0 = Debug|Any CPU
		{B7803703-E519-4530-A00C-9D5B76B0D5EA}.Release|Any CPU.ActiveCfg = Release|Any CPU
		{B7803703-E519-4530-A00C-9D5B76B0D5EA}.Release|Any CPU.Build.0 = Release|Any CPU
		{AF2EDC23-EAA6-4DD3-A420-05CB707EC8C6}.Debug|Any CPU.ActiveCfg = Debug|Any CPU
		{AF2EDC23-EAA6-4DD3-A420-05CB707EC8C6}.Debug|Any CPU.Build.0 = Debug|Any CPU
		{AF2EDC23-EAA6-4DD3-A420-05CB707EC8C6}.Release|Any CPU.ActiveCfg = Release|Any CPU
		{AF2EDC23-EAA6-4DD3-A420-05CB707EC8C6}.Release|Any CPU.Build.0 = Release|Any CPU
		{E859B170-1D3E-4BA5-81A5-16D4057AE816}.Debug|Any CPU.ActiveCfg = Debug|Any CPU
		{E859B170-1D3E-4BA5-81A5-16D4057AE816}.Debug|Any CPU.Build.0 = Debug|Any CPU
		{E859B170-1D3E-4BA5-81A5-16D4057AE816}.Release|Any CPU.ActiveCfg = Release|Any CPU
		{E859B170-1D3E-4BA5-81A5-16D4057AE816}.Release|Any CPU.Build.0 = Release|Any CPU
		{447ACEE6-147D-44B8-9378-260715077AED}.Debug|Any CPU.ActiveCfg = Debug|Any CPU
		{447ACEE6-147D-44B8-9378-260715077AED}.Debug|Any CPU.Build.0 = Debug|Any CPU
		{447ACEE6-147D-44B8-9378-260715077AED}.Release|Any CPU.ActiveCfg = Release|Any CPU
		{447ACEE6-147D-44B8-9378-260715077AED}.Release|Any CPU.Build.0 = Release|Any CPU
		{F1ED38AF-EC70-4C03-99AD-04CF746BB86E}.Debug|Any CPU.ActiveCfg = Debug|Any CPU
		{F1ED38AF-EC70-4C03-99AD-04CF746BB86E}.Debug|Any CPU.Build.0 = Debug|Any CPU
		{F1ED38AF-EC70-4C03-99AD-04CF746BB86E}.Release|Any CPU.ActiveCfg = Release|Any CPU
		{F1ED38AF-EC70-4C03-99AD-04CF746BB86E}.Release|Any CPU.Build.0 = Release|Any CPU
		{73D1ED70-3C24-4D7E-AFB6-B0FA311DD470}.Debug|Any CPU.ActiveCfg = Debug|Any CPU
		{73D1ED70-3C24-4D7E-AFB6-B0FA311DD470}.Debug|Any CPU.Build.0 = Debug|Any CPU
		{73D1ED70-3C24-4D7E-AFB6-B0FA311DD470}.Release|Any CPU.ActiveCfg = Release|Any CPU
		{73D1ED70-3C24-4D7E-AFB6-B0FA311DD470}.Release|Any CPU.Build.0 = Release|Any CPU
		{3E515EAE-5EBD-4232-B1ED-9D63EBA5F61E}.Debug|Any CPU.ActiveCfg = Debug|Any CPU
		{3E515EAE-5EBD-4232-B1ED-9D63EBA5F61E}.Debug|Any CPU.Build.0 = Debug|Any CPU
		{3E515EAE-5EBD-4232-B1ED-9D63EBA5F61E}.Release|Any CPU.ActiveCfg = Release|Any CPU
		{3E515EAE-5EBD-4232-B1ED-9D63EBA5F61E}.Release|Any CPU.Build.0 = Release|Any CPU
		{41AD6A7E-F9E3-4C2F-BE11-48CD3550B963}.Debug|Any CPU.ActiveCfg = Debug|Any CPU
		{41AD6A7E-F9E3-4C2F-BE11-48CD3550B963}.Debug|Any CPU.Build.0 = Debug|Any CPU
		{41AD6A7E-F9E3-4C2F-BE11-48CD3550B963}.Release|Any CPU.ActiveCfg = Release|Any CPU
		{41AD6A7E-F9E3-4C2F-BE11-48CD3550B963}.Release|Any CPU.Build.0 = Release|Any CPU
		{B9423BBC-B403-4649-AF5B-A1FC24A7EBB2}.Debug|Any CPU.ActiveCfg = Debug|Any CPU
		{B9423BBC-B403-4649-AF5B-A1FC24A7EBB2}.Debug|Any CPU.Build.0 = Debug|Any CPU
		{B9423BBC-B403-4649-AF5B-A1FC24A7EBB2}.Release|Any CPU.ActiveCfg = Release|Any CPU
		{B9423BBC-B403-4649-AF5B-A1FC24A7EBB2}.Release|Any CPU.Build.0 = Release|Any CPU
		{0575672F-B60E-4482-9896-3A6D806F39BA}.Debug|Any CPU.ActiveCfg = Debug|Any CPU
		{0575672F-B60E-4482-9896-3A6D806F39BA}.Debug|Any CPU.Build.0 = Debug|Any CPU
		{0575672F-B60E-4482-9896-3A6D806F39BA}.Release|Any CPU.ActiveCfg = Release|Any CPU
		{0575672F-B60E-4482-9896-3A6D806F39BA}.Release|Any CPU.Build.0 = Release|Any CPU
		{4D007650-2EE5-4B52-9078-F0661FC1638C}.Debug|Any CPU.ActiveCfg = Debug|Any CPU
		{4D007650-2EE5-4B52-9078-F0661FC1638C}.Debug|Any CPU.Build.0 = Debug|Any CPU
		{4D007650-2EE5-4B52-9078-F0661FC1638C}.Release|Any CPU.ActiveCfg = Release|Any CPU
		{4D007650-2EE5-4B52-9078-F0661FC1638C}.Release|Any CPU.Build.0 = Release|Any CPU
		{B859113B-9A68-4A7B-8663-FB04A919116C}.Debug|Any CPU.ActiveCfg = Debug|Any CPU
		{B859113B-9A68-4A7B-8663-FB04A919116C}.Debug|Any CPU.Build.0 = Debug|Any CPU
		{B859113B-9A68-4A7B-8663-FB04A919116C}.Release|Any CPU.ActiveCfg = Release|Any CPU
		{B859113B-9A68-4A7B-8663-FB04A919116C}.Release|Any CPU.Build.0 = Release|Any CPU
		{4760F343-376E-453A-B95B-1EF7FC9A3ED9}.Debug|Any CPU.ActiveCfg = Debug|Any CPU
		{4760F343-376E-453A-B95B-1EF7FC9A3ED9}.Debug|Any CPU.Build.0 = Debug|Any CPU
		{4760F343-376E-453A-B95B-1EF7FC9A3ED9}.Release|Any CPU.ActiveCfg = Release|Any CPU
		{4760F343-376E-453A-B95B-1EF7FC9A3ED9}.Release|Any CPU.Build.0 = Release|Any CPU
		{5C03370E-0891-40EB-9E17-24617EAC207A}.Debug|Any CPU.ActiveCfg = Debug|Any CPU
		{5C03370E-0891-40EB-9E17-24617EAC207A}.Debug|Any CPU.Build.0 = Debug|Any CPU
		{5C03370E-0891-40EB-9E17-24617EAC207A}.Release|Any CPU.ActiveCfg = Release|Any CPU
		{5C03370E-0891-40EB-9E17-24617EAC207A}.Release|Any CPU.Build.0 = Release|Any CPU
		{8AB18AEF-FE9F-4252-8963-2D12D11D4BF6}.Debug|Any CPU.ActiveCfg = Debug|Any CPU
		{8AB18AEF-FE9F-4252-8963-2D12D11D4BF6}.Debug|Any CPU.Build.0 = Debug|Any CPU
		{8AB18AEF-FE9F-4252-8963-2D12D11D4BF6}.Release|Any CPU.ActiveCfg = Release|Any CPU
		{8AB18AEF-FE9F-4252-8963-2D12D11D4BF6}.Release|Any CPU.Build.0 = Release|Any CPU
	EndGlobalSection
	GlobalSection(SolutionProperties) = preSolution
		HideSolutionNode = FALSE
	EndGlobalSection
	GlobalSection(ExtensibilityGlobals) = postSolution
		SolutionGuid = {B99E8913-5306-4F66-A95F-05BCF24ABDD3}
	EndGlobalSection
EndGlobal
